// !$*UTF8*$!
{
	archiveVersion = 1;
	classes = {
	};
	objectVersion = 46;
	objects = {

/* Begin PBXBuildFile section */
		250D129E1DAF2E8900105DDB /* shopCar.png in Resources */ = {isa = PBXBuildFile; fileRef = 250D129D1DAF2E8900105DDB /* shopCar.png */; };
		250D12A21DAF548500105DDB /* ShopAndGoods.plist in Resources */ = {isa = PBXBuildFile; fileRef = 250D12A11DAF548500105DDB /* ShopAndGoods.plist */; };
		250D12AA1DAF643D00105DDB /* CreatPlist.m in Sources */ = {isa = PBXBuildFile; fileRef = 250D12A91DAF643D00105DDB /* CreatPlist.m */; };
		250D12CC1DAF743F00105DDB /* GoodsImage1.png in Resources */ = {isa = PBXBuildFile; fileRef = 250D12B11DAF743F00105DDB /* GoodsImage1.png */; };
		250D12CD1DAF743F00105DDB /* GoodsImage2.png in Resources */ = {isa = PBXBuildFile; fileRef = 250D12B21DAF743F00105DDB /* GoodsImage2.png */; };
		250D12CE1DAF743F00105DDB /* GoodsImage3.png in Resources */ = {isa = PBXBuildFile; fileRef = 250D12B31DAF743F00105DDB /* GoodsImage3.png */; };
		250D12CF1DAF743F00105DDB /* GoodsImage4.png in Resources */ = {isa = PBXBuildFile; fileRef = 250D12B41DAF743F00105DDB /* GoodsImage4.png */; };
		250D12D01DAF743F00105DDB /* GoodsImage5.png in Resources */ = {isa = PBXBuildFile; fileRef = 250D12B51DAF743F00105DDB /* GoodsImage5.png */; };
		250D12D11DAF743F00105DDB /* GoodsImage6.png in Resources */ = {isa = PBXBuildFile; fileRef = 250D12B61DAF743F00105DDB /* GoodsImage6.png */; };
		250D12D21DAF743F00105DDB /* GoodsImage7.png in Resources */ = {isa = PBXBuildFile; fileRef = 250D12B71DAF743F00105DDB /* GoodsImage7.png */; };
		250D12D31DAF743F00105DDB /* GoodsImage8.png in Resources */ = {isa = PBXBuildFile; fileRef = 250D12B81DAF743F00105DDB /* GoodsImage8.png */; };
		250D12D41DAF743F00105DDB /* GoodsImage9.png in Resources */ = {isa = PBXBuildFile; fileRef = 250D12B91DAF743F00105DDB /* GoodsImage9.png */; };
		250D12D51DAF743F00105DDB /* GoodsImage10.png in Resources */ = {isa = PBXBuildFile; fileRef = 250D12BA1DAF743F00105DDB /* GoodsImage10.png */; };
		250D12D61DAF743F00105DDB /* GoodsImage11.png in Resources */ = {isa = PBXBuildFile; fileRef = 250D12BB1DAF743F00105DDB /* GoodsImage11.png */; };
		250D12D71DAF743F00105DDB /* GoodsImage12.png in Resources */ = {isa = PBXBuildFile; fileRef = 250D12BC1DAF743F00105DDB /* GoodsImage12.png */; };
		250D12D81DAF743F00105DDB /* GoodsImage13.png in Resources */ = {isa = PBXBuildFile; fileRef = 250D12BD1DAF743F00105DDB /* GoodsImage13.png */; };
		250D12D91DAF743F00105DDB /* GoodsImage14.png in Resources */ = {isa = PBXBuildFile; fileRef = 250D12BE1DAF743F00105DDB /* GoodsImage14.png */; };
		250D12DA1DAF743F00105DDB /* GoodsImage15.png in Resources */ = {isa = PBXBuildFile; fileRef = 250D12BF1DAF743F00105DDB /* GoodsImage15.png */; };
		250D12DB1DAF743F00105DDB /* GoodsImage16.png in Resources */ = {isa = PBXBuildFile; fileRef = 250D12C01DAF743F00105DDB /* GoodsImage16.png */; };
		250D12DC1DAF743F00105DDB /* GoodsImage18.png in Resources */ = {isa = PBXBuildFile; fileRef = 250D12C11DAF743F00105DDB /* GoodsImage18.png */; };
		250D12DD1DAF743F00105DDB /* GoodsImage19.png in Resources */ = {isa = PBXBuildFile; fileRef = 250D12C21DAF743F00105DDB /* GoodsImage19.png */; };
		250D12DE1DAF743F00105DDB /* GoodsImage20.png in Resources */ = {isa = PBXBuildFile; fileRef = 250D12C31DAF743F00105DDB /* GoodsImage20.png */; };
		250D12DF1DAF743F00105DDB /* GoodsImage21.png in Resources */ = {isa = PBXBuildFile; fileRef = 250D12C41DAF743F00105DDB /* GoodsImage21.png */; };
		250D12E01DAF743F00105DDB /* GoodsImage22.png in Resources */ = {isa = PBXBuildFile; fileRef = 250D12C51DAF743F00105DDB /* GoodsImage22.png */; };
		250D12E11DAF743F00105DDB /* GoodsImage23.png in Resources */ = {isa = PBXBuildFile; fileRef = 250D12C61DAF743F00105DDB /* GoodsImage23.png */; };
		250D12E21DAF743F00105DDB /* GoodsImage26.png in Resources */ = {isa = PBXBuildFile; fileRef = 250D12C71DAF743F00105DDB /* GoodsImage26.png */; };
		250D12E31DAF743F00105DDB /* GoodsImage27.png in Resources */ = {isa = PBXBuildFile; fileRef = 250D12C81DAF743F00105DDB /* GoodsImage27.png */; };
		250D12E41DAF743F00105DDB /* GoodsImage28.png in Resources */ = {isa = PBXBuildFile; fileRef = 250D12C91DAF743F00105DDB /* GoodsImage28.png */; };
		250D12E51DAF743F00105DDB /* GoodsImage29.png in Resources */ = {isa = PBXBuildFile; fileRef = 250D12CA1DAF743F00105DDB /* GoodsImage29.png */; };
		250D12E61DAF743F00105DDB /* GoodsImage30.png in Resources */ = {isa = PBXBuildFile; fileRef = 250D12CB1DAF743F00105DDB /* GoodsImage30.png */; };
		250D12EF1DAF8C7700105DDB /* Foundation+Log.m in Sources */ = {isa = PBXBuildFile; fileRef = 250D12EE1DAF8C7700105DDB /* Foundation+Log.m */; };
		250D12F11DAF983000105DDB /* GoodsDetail.plist in Resources */ = {isa = PBXBuildFile; fileRef = 250D12F01DAF983000105DDB /* GoodsDetail.plist */; };
		25231C591DAB5F7B009DD12A /* ChainReactionView.m in Sources */ = {isa = PBXBuildFile; fileRef = 25231C581DAB5F7B009DD12A /* ChainReactionView.m */; };
		25231C5C1DAB6130009DD12A /* ChainReactionLabelButton.m in Sources */ = {isa = PBXBuildFile; fileRef = 25231C5B1DAB6130009DD12A /* ChainReactionLabelButton.m */; };
		25231CB51DAB81E0009DD12A /* Manifest.lock in Resources */ = {isa = PBXBuildFile; fileRef = 25231C871DAB81E0009DD12A /* Manifest.lock */; };
		25231CB61DAB81E0009DD12A /* LICENSE in Resources */ = {isa = PBXBuildFile; fileRef = 25231C891DAB81E0009DD12A /* LICENSE */; };
		25231CB71DAB81E0009DD12A /* MASCompositeConstraint.m in Sources */ = {isa = PBXBuildFile; fileRef = 25231C8C1DAB81E0009DD12A /* MASCompositeConstraint.m */; };
		25231CB81DAB81E0009DD12A /* MASConstraint.m in Sources */ = {isa = PBXBuildFile; fileRef = 25231C8F1DAB81E0009DD12A /* MASConstraint.m */; };
		25231CB91DAB81E0009DD12A /* MASConstraintMaker.m in Sources */ = {isa = PBXBuildFile; fileRef = 25231C911DAB81E0009DD12A /* MASConstraintMaker.m */; };
		25231CBA1DAB81E0009DD12A /* MASLayoutConstraint.m in Sources */ = {isa = PBXBuildFile; fileRef = 25231C931DAB81E0009DD12A /* MASLayoutConstraint.m */; };
		25231CBB1DAB81E0009DD12A /* MASViewAttribute.m in Sources */ = {isa = PBXBuildFile; fileRef = 25231C971DAB81E0009DD12A /* MASViewAttribute.m */; };
		25231CBC1DAB81E0009DD12A /* MASViewConstraint.m in Sources */ = {isa = PBXBuildFile; fileRef = 25231C991DAB81E0009DD12A /* MASViewConstraint.m */; };
		25231CBD1DAB81E0009DD12A /* NSArray+MASAdditions.m in Sources */ = {isa = PBXBuildFile; fileRef = 25231C9B1DAB81E0009DD12A /* NSArray+MASAdditions.m */; };
		25231CBE1DAB81E0009DD12A /* NSLayoutConstraint+MASDebugAdditions.m in Sources */ = {isa = PBXBuildFile; fileRef = 25231C9E1DAB81E0009DD12A /* NSLayoutConstraint+MASDebugAdditions.m */; };
		25231CBF1DAB81E0009DD12A /* View+MASAdditions.m in Sources */ = {isa = PBXBuildFile; fileRef = 25231CA01DAB81E0009DD12A /* View+MASAdditions.m */; };
		25231CC01DAB81E0009DD12A /* ViewController+MASAdditions.m in Sources */ = {isa = PBXBuildFile; fileRef = 25231CA31DAB81E0009DD12A /* ViewController+MASAdditions.m */; };
		25231CC11DAB81E0009DD12A /* README.md in Sources */ = {isa = PBXBuildFile; fileRef = 25231CA41DAB81E0009DD12A /* README.md */; };
		25231CC21DAB81E0009DD12A /* Masonry-dummy.m in Sources */ = {isa = PBXBuildFile; fileRef = 25231CAA1DAB81E0009DD12A /* Masonry-dummy.m */; };
		25231CC31DAB81E0009DD12A /* Masonry.xcconfig in Resources */ = {isa = PBXBuildFile; fileRef = 25231CAC1DAB81E0009DD12A /* Masonry.xcconfig */; };
		25231CC41DAB81E0009DD12A /* Pods-LianDong-acknowledgements.markdown in Sources */ = {isa = PBXBuildFile; fileRef = 25231CAE1DAB81E0009DD12A /* Pods-LianDong-acknowledgements.markdown */; };
		25231CC51DAB81E0009DD12A /* Pods-LianDong-acknowledgements.plist in Resources */ = {isa = PBXBuildFile; fileRef = 25231CAF1DAB81E0009DD12A /* Pods-LianDong-acknowledgements.plist */; };
		25231CC61DAB81E0009DD12A /* Pods-LianDong-dummy.m in Sources */ = {isa = PBXBuildFile; fileRef = 25231CB01DAB81E0009DD12A /* Pods-LianDong-dummy.m */; };
		25231CC71DAB81E0009DD12A /* Pods-LianDong-frameworks.sh in Resources */ = {isa = PBXBuildFile; fileRef = 25231CB11DAB81E0009DD12A /* Pods-LianDong-frameworks.sh */; };
		25231CC81DAB81E0009DD12A /* Pods-LianDong-resources.sh in Resources */ = {isa = PBXBuildFile; fileRef = 25231CB21DAB81E0009DD12A /* Pods-LianDong-resources.sh */; };
		25231CC91DAB81E0009DD12A /* Pods-LianDong.debug.xcconfig in Resources */ = {isa = PBXBuildFile; fileRef = 25231CB31DAB81E0009DD12A /* Pods-LianDong.debug.xcconfig */; };
		25231CCA1DAB81E0009DD12A /* Pods-LianDong.release.xcconfig in Resources */ = {isa = PBXBuildFile; fileRef = 25231CB41DAB81E0009DD12A /* Pods-LianDong.release.xcconfig */; };
		25231CD61DAB8418009DD12A /* RootViewController.m in Sources */ = {isa = PBXBuildFile; fileRef = 25231CD41DAB8418009DD12A /* RootViewController.m */; };
		25231CD71DAB8418009DD12A /* RootViewController.xib in Resources */ = {isa = PBXBuildFile; fileRef = 25231CD51DAB8418009DD12A /* RootViewController.xib */; };
		25231CDC1DAB8BBF009DD12A /* LinkageView.m in Sources */ = {isa = PBXBuildFile; fileRef = 25231CDB1DAB8BBF009DD12A /* LinkageView.m */; };
		25688F301DAA20CB002AA448 /* main.m in Sources */ = {isa = PBXBuildFile; fileRef = 25688F2F1DAA20CB002AA448 /* main.m */; };
		25688F331DAA20CB002AA448 /* AppDelegate.m in Sources */ = {isa = PBXBuildFile; fileRef = 25688F321DAA20CB002AA448 /* AppDelegate.m */; };
		25688F361DAA20CB002AA448 /* ViewController.m in Sources */ = {isa = PBXBuildFile; fileRef = 25688F351DAA20CB002AA448 /* ViewController.m */; };
		25688F391DAA20CB002AA448 /* Main.storyboard in Resources */ = {isa = PBXBuildFile; fileRef = 25688F371DAA20CB002AA448 /* Main.storyboard */; };
		25688F3B1DAA20CB002AA448 /* Assets.xcassets in Resources */ = {isa = PBXBuildFile; fileRef = 25688F3A1DAA20CB002AA448 /* Assets.xcassets */; };
		25688F3E1DAA20CB002AA448 /* LaunchScreen.storyboard in Resources */ = {isa = PBXBuildFile; fileRef = 25688F3C1DAA20CB002AA448 /* LaunchScreen.storyboard */; };
		25688F491DAA20CB002AA448 /* mypro2Tests.m in Sources */ = {isa = PBXBuildFile; fileRef = 25688F481DAA20CB002AA448 /* mypro2Tests.m */; };
		25688F541DAA20CB002AA448 /* mypro2UITests.m in Sources */ = {isa = PBXBuildFile; fileRef = 25688F531DAA20CB002AA448 /* mypro2UITests.m */; };
		25688F691DAA2644002AA448 /* LeftTableViewCell.m in Sources */ = {isa = PBXBuildFile; fileRef = 25688F681DAA2644002AA448 /* LeftTableViewCell.m */; };
		25688F6F1DAA27F5002AA448 /* CategoryModel.m in Sources */ = {isa = PBXBuildFile; fileRef = 25688F6E1DAA27F5002AA448 /* CategoryModel.m */; };
		25688F731DAA2DD9002AA448 /* TableViewHeaderView.m in Sources */ = {isa = PBXBuildFile; fileRef = 25688F721DAA2DD9002AA448 /* TableViewHeaderView.m */; };
		25DE291F1DAC7AC100ABFCFA /* ShopDetailView.m in Sources */ = {isa = PBXBuildFile; fileRef = 25DE291E1DAC7AC100ABFCFA /* ShopDetailView.m */; };
		25DE29221DAC7AD000ABFCFA /* ShopCarView.m in Sources */ = {isa = PBXBuildFile; fileRef = 25DE29211DAC7AD000ABFCFA /* ShopCarView.m */; };
		25DE2A4B1DACD49600ABFCFA /* tempViewController.m in Sources */ = {isa = PBXBuildFile; fileRef = 25DE2A491DACD49600ABFCFA /* tempViewController.m */; };
		25DE2A4C1DACD49600ABFCFA /* tempViewController.xib in Resources */ = {isa = PBXBuildFile; fileRef = 25DE2A4A1DACD49600ABFCFA /* tempViewController.xib */; };
		25DE2A571DACD89F00ABFCFA /* ShopNaviView.m in Sources */ = {isa = PBXBuildFile; fileRef = 25DE2A561DACD89F00ABFCFA /* ShopNaviView.m */; };
		25DE2A5B1DACE08300ABFCFA /* NaviBackButton.png in Resources */ = {isa = PBXBuildFile; fileRef = 25DE2A5A1DACE08300ABFCFA /* NaviBackButton.png */; };
		25EAF62C1DADFED100C3A6A9 /* ShopToolbar.m in Sources */ = {isa = PBXBuildFile; fileRef = 25EAF62B1DADFED100C3A6A9 /* ShopToolbar.m */; };
		25EAF6301DAE086E00C3A6A9 /* back_cross.png in Resources */ = {isa = PBXBuildFile; fileRef = 25EAF62F1DAE086E00C3A6A9 /* back_cross.png */; };
		25EAF6361DAE197200C3A6A9 /* RightTableViewCell.m in Sources */ = {isa = PBXBuildFile; fileRef = 25EAF6341DAE197200C3A6A9 /* RightTableViewCell.m */; };
		25EAF6371DAE197200C3A6A9 /* RightTableViewCell.xib in Resources */ = {isa = PBXBuildFile; fileRef = 25EAF6351DAE197200C3A6A9 /* RightTableViewCell.xib */; };
		25EAF63A1DAE1C6500C3A6A9 /* subGoods.png in Resources */ = {isa = PBXBuildFile; fileRef = 25EAF6381DAE1C6500C3A6A9 /* subGoods.png */; };
		25EAF63B1DAE1C6500C3A6A9 /* addGoods.png in Resources */ = {isa = PBXBuildFile; fileRef = 25EAF6391DAE1C6500C3A6A9 /* addGoods.png */; };
		25EAF63E1DAE1E1800C3A6A9 /* add.png in Resources */ = {isa = PBXBuildFile; fileRef = 25EAF63C1DAE1E1800C3A6A9 /* add.png */; };
		25EAF6411DAE1F0100C3A6A9 /* sub.png in Resources */ = {isa = PBXBuildFile; fileRef = 25EAF6401DAE1F0100C3A6A9 /* sub.png */; };
		25EAF6441DAE20CD00C3A6A9 /* SectionThirdModel.m in Sources */ = {isa = PBXBuildFile; fileRef = 25EAF6421DAE20CD00C3A6A9 /* SectionThirdModel.m */; };
		25EAF6461DAE237A00C3A6A9 /* mdl.png in Resources */ = {isa = PBXBuildFile; fileRef = 25EAF6451DAE237A00C3A6A9 /* mdl.png */; };
/* End PBXBuildFile section */

/* Begin PBXContainerItemProxy section */
		25231CCD1DAB81E0009DD12A /* PBXContainerItemProxy */ = {
			isa = PBXContainerItemProxy;
			containerPortal = 25231CA51DAB81E0009DD12A /* Pods.xcodeproj */;
			proxyType = 2;
			remoteGlobalIDString = 179CEB56CD71FCDF5C2E671F0747E956;
			remoteInfo = Masonry;
		};
		25231CCF1DAB81E0009DD12A /* PBXContainerItemProxy */ = {
			isa = PBXContainerItemProxy;
			containerPortal = 25231CA51DAB81E0009DD12A /* Pods.xcodeproj */;
			proxyType = 2;
			remoteGlobalIDString = EF223FC193D034A9E6159E399BD0D920;
			remoteInfo = "Pods-LianDong";
		};
		25688F451DAA20CB002AA448 /* PBXContainerItemProxy */ = {
			isa = PBXContainerItemProxy;
			containerPortal = 25688F231DAA20CB002AA448 /* Project object */;
			proxyType = 1;
			remoteGlobalIDString = 25688F2A1DAA20CB002AA448;
			remoteInfo = mypro2;
		};
		25688F501DAA20CB002AA448 /* PBXContainerItemProxy */ = {
			isa = PBXContainerItemProxy;
			containerPortal = 25688F231DAA20CB002AA448 /* Project object */;
			proxyType = 1;
			remoteGlobalIDString = 25688F2A1DAA20CB002AA448;
			remoteInfo = mypro2;
		};
/* End PBXContainerItemProxy section */

/* Begin PBXFileReference section */
		250D129D1DAF2E8900105DDB /* shopCar.png */ = {isa = PBXFileReference; lastKnownFileType = image.png; path = shopCar.png; sourceTree = "<group>"; };
		250D12A11DAF548500105DDB /* ShopAndGoods.plist */ = {isa = PBXFileReference; fileEncoding = 4; lastKnownFileType = text.plist.xml; path = ShopAndGoods.plist; sourceTree = "<group>"; };
		250D12A81DAF643D00105DDB /* CreatPlist.h */ = {isa = PBXFileReference; fileEncoding = 4; lastKnownFileType = sourcecode.c.h; path = CreatPlist.h; sourceTree = "<group>"; };
		250D12A91DAF643D00105DDB /* CreatPlist.m */ = {isa = PBXFileReference; fileEncoding = 4; lastKnownFileType = sourcecode.c.objc; path = CreatPlist.m; sourceTree = "<group>"; };
		250D12B11DAF743F00105DDB /* GoodsImage1.png */ = {isa = PBXFileReference; lastKnownFileType = image.png; path = GoodsImage1.png; sourceTree = "<group>"; };
		250D12B21DAF743F00105DDB /* GoodsImage2.png */ = {isa = PBXFileReference; lastKnownFileType = image.png; path = GoodsImage2.png; sourceTree = "<group>"; };
		250D12B31DAF743F00105DDB /* GoodsImage3.png */ = {isa = PBXFileReference; lastKnownFileType = image.png; path = GoodsImage3.png; sourceTree = "<group>"; };
		250D12B41DAF743F00105DDB /* GoodsImage4.png */ = {isa = PBXFileReference; lastKnownFileType = image.png; path = GoodsImage4.png; sourceTree = "<group>"; };
		250D12B51DAF743F00105DDB /* GoodsImage5.png */ = {isa = PBXFileReference; lastKnownFileType = image.png; path = GoodsImage5.png; sourceTree = "<group>"; };
		250D12B61DAF743F00105DDB /* GoodsImage6.png */ = {isa = PBXFileReference; lastKnownFileType = image.png; path = GoodsImage6.png; sourceTree = "<group>"; };
		250D12B71DAF743F00105DDB /* GoodsImage7.png */ = {isa = PBXFileReference; lastKnownFileType = image.png; path = GoodsImage7.png; sourceTree = "<group>"; };
		250D12B81DAF743F00105DDB /* GoodsImage8.png */ = {isa = PBXFileReference; lastKnownFileType = image.png; path = GoodsImage8.png; sourceTree = "<group>"; };
		250D12B91DAF743F00105DDB /* GoodsImage9.png */ = {isa = PBXFileReference; lastKnownFileType = image.png; path = GoodsImage9.png; sourceTree = "<group>"; };
		250D12BA1DAF743F00105DDB /* GoodsImage10.png */ = {isa = PBXFileReference; lastKnownFileType = image.png; path = GoodsImage10.png; sourceTree = "<group>"; };
		250D12BB1DAF743F00105DDB /* GoodsImage11.png */ = {isa = PBXFileReference; lastKnownFileType = image.png; path = GoodsImage11.png; sourceTree = "<group>"; };
		250D12BC1DAF743F00105DDB /* GoodsImage12.png */ = {isa = PBXFileReference; lastKnownFileType = image.png; path = GoodsImage12.png; sourceTree = "<group>"; };
		250D12BD1DAF743F00105DDB /* GoodsImage13.png */ = {isa = PBXFileReference; lastKnownFileType = image.png; path = GoodsImage13.png; sourceTree = "<group>"; };
		250D12BE1DAF743F00105DDB /* GoodsImage14.png */ = {isa = PBXFileReference; lastKnownFileType = image.png; path = GoodsImage14.png; sourceTree = "<group>"; };
		250D12BF1DAF743F00105DDB /* GoodsImage15.png */ = {isa = PBXFileReference; lastKnownFileType = image.png; path = GoodsImage15.png; sourceTree = "<group>"; };
		250D12C01DAF743F00105DDB /* GoodsImage16.png */ = {isa = PBXFileReference; lastKnownFileType = image.png; path = GoodsImage16.png; sourceTree = "<group>"; };
		250D12C11DAF743F00105DDB /* GoodsImage18.png */ = {isa = PBXFileReference; lastKnownFileType = image.png; path = GoodsImage18.png; sourceTree = "<group>"; };
		250D12C21DAF743F00105DDB /* GoodsImage19.png */ = {isa = PBXFileReference; lastKnownFileType = image.png; path = GoodsImage19.png; sourceTree = "<group>"; };
		250D12C31DAF743F00105DDB /* GoodsImage20.png */ = {isa = PBXFileReference; lastKnownFileType = image.png; path = GoodsImage20.png; sourceTree = "<group>"; };
		250D12C41DAF743F00105DDB /* GoodsImage21.png */ = {isa = PBXFileReference; lastKnownFileType = image.png; path = GoodsImage21.png; sourceTree = "<group>"; };
		250D12C51DAF743F00105DDB /* GoodsImage22.png */ = {isa = PBXFileReference; lastKnownFileType = image.png; path = GoodsImage22.png; sourceTree = "<group>"; };
		250D12C61DAF743F00105DDB /* GoodsImage23.png */ = {isa = PBXFileReference; lastKnownFileType = image.png; path = GoodsImage23.png; sourceTree = "<group>"; };
		250D12C71DAF743F00105DDB /* GoodsImage26.png */ = {isa = PBXFileReference; lastKnownFileType = image.png; path = GoodsImage26.png; sourceTree = "<group>"; };
		250D12C81DAF743F00105DDB /* GoodsImage27.png */ = {isa = PBXFileReference; lastKnownFileType = image.png; path = GoodsImage27.png; sourceTree = "<group>"; };
		250D12C91DAF743F00105DDB /* GoodsImage28.png */ = {isa = PBXFileReference; lastKnownFileType = image.png; path = GoodsImage28.png; sourceTree = "<group>"; };
		250D12CA1DAF743F00105DDB /* GoodsImage29.png */ = {isa = PBXFileReference; lastKnownFileType = image.png; path = GoodsImage29.png; sourceTree = "<group>"; };
		250D12CB1DAF743F00105DDB /* GoodsImage30.png */ = {isa = PBXFileReference; lastKnownFileType = image.png; path = GoodsImage30.png; sourceTree = "<group>"; };
		250D12EE1DAF8C7700105DDB /* Foundation+Log.m */ = {isa = PBXFileReference; fileEncoding = 4; lastKnownFileType = sourcecode.c.objc; path = "Foundation+Log.m"; sourceTree = "<group>"; };
		250D12F01DAF983000105DDB /* GoodsDetail.plist */ = {isa = PBXFileReference; fileEncoding = 4; lastKnownFileType = text.plist.xml; path = GoodsDetail.plist; sourceTree = "<group>"; };
		25231C571DAB5F7B009DD12A /* ChainReactionView.h */ = {isa = PBXFileReference; fileEncoding = 4; lastKnownFileType = sourcecode.c.h; path = ChainReactionView.h; sourceTree = "<group>"; };
		25231C581DAB5F7B009DD12A /* ChainReactionView.m */ = {isa = PBXFileReference; fileEncoding = 4; lastKnownFileType = sourcecode.c.objc; path = ChainReactionView.m; sourceTree = "<group>"; };
		25231C5A1DAB6130009DD12A /* ChainReactionLabelButton.h */ = {isa = PBXFileReference; fileEncoding = 4; lastKnownFileType = sourcecode.c.h; path = ChainReactionLabelButton.h; sourceTree = "<group>"; };
		25231C5B1DAB6130009DD12A /* ChainReactionLabelButton.m */ = {isa = PBXFileReference; fileEncoding = 4; lastKnownFileType = sourcecode.c.objc; path = ChainReactionLabelButton.m; sourceTree = "<group>"; };
		25231C661DAB81DF009DD12A /* MASCompositeConstraint.h */ = {isa = PBXFileReference; fileEncoding = 4; lastKnownFileType = sourcecode.c.h; path = MASCompositeConstraint.h; sourceTree = "<group>"; };
		25231C671DAB81DF009DD12A /* MASConstraint+Private.h */ = {isa = PBXFileReference; fileEncoding = 4; lastKnownFileType = sourcecode.c.h; path = "MASConstraint+Private.h"; sourceTree = "<group>"; };
		25231C681DAB81DF009DD12A /* MASConstraint.h */ = {isa = PBXFileReference; fileEncoding = 4; lastKnownFileType = sourcecode.c.h; path = MASConstraint.h; sourceTree = "<group>"; };
		25231C691DAB81DF009DD12A /* MASConstraintMaker.h */ = {isa = PBXFileReference; fileEncoding = 4; lastKnownFileType = sourcecode.c.h; path = MASConstraintMaker.h; sourceTree = "<group>"; };
		25231C6A1DAB81DF009DD12A /* MASLayoutConstraint.h */ = {isa = PBXFileReference; fileEncoding = 4; lastKnownFileType = sourcecode.c.h; path = MASLayoutConstraint.h; sourceTree = "<group>"; };
		25231C6B1DAB81DF009DD12A /* Masonry.h */ = {isa = PBXFileReference; fileEncoding = 4; lastKnownFileType = sourcecode.c.h; path = Masonry.h; sourceTree = "<group>"; };
		25231C6C1DAB81DF009DD12A /* MASUtilities.h */ = {isa = PBXFileReference; fileEncoding = 4; lastKnownFileType = sourcecode.c.h; path = MASUtilities.h; sourceTree = "<group>"; };
		25231C6D1DAB81DF009DD12A /* MASViewAttribute.h */ = {isa = PBXFileReference; fileEncoding = 4; lastKnownFileType = sourcecode.c.h; path = MASViewAttribute.h; sourceTree = "<group>"; };
		25231C6E1DAB81DF009DD12A /* MASViewConstraint.h */ = {isa = PBXFileReference; fileEncoding = 4; lastKnownFileType = sourcecode.c.h; path = MASViewConstraint.h; sourceTree = "<group>"; };
		25231C6F1DAB81DF009DD12A /* NSArray+MASAdditions.h */ = {isa = PBXFileReference; fileEncoding = 4; lastKnownFileType = sourcecode.c.h; path = "NSArray+MASAdditions.h"; sourceTree = "<group>"; };
		25231C701DAB81DF009DD12A /* NSArray+MASShorthandAdditions.h */ = {isa = PBXFileReference; fileEncoding = 4; lastKnownFileType = sourcecode.c.h; path = "NSArray+MASShorthandAdditions.h"; sourceTree = "<group>"; };
		25231C711DAB81DF009DD12A /* NSLayoutConstraint+MASDebugAdditions.h */ = {isa = PBXFileReference; fileEncoding = 4; lastKnownFileType = sourcecode.c.h; path = "NSLayoutConstraint+MASDebugAdditions.h"; sourceTree = "<group>"; };
		25231C721DAB81DF009DD12A /* View+MASAdditions.h */ = {isa = PBXFileReference; fileEncoding = 4; lastKnownFileType = sourcecode.c.h; path = "View+MASAdditions.h"; sourceTree = "<group>"; };
		25231C731DAB81DF009DD12A /* View+MASShorthandAdditions.h */ = {isa = PBXFileReference; fileEncoding = 4; lastKnownFileType = sourcecode.c.h; path = "View+MASShorthandAdditions.h"; sourceTree = "<group>"; };
		25231C741DAB81DF009DD12A /* ViewController+MASAdditions.h */ = {isa = PBXFileReference; fileEncoding = 4; lastKnownFileType = sourcecode.c.h; path = "ViewController+MASAdditions.h"; sourceTree = "<group>"; };
		25231C771DAB81DF009DD12A /* MASCompositeConstraint.h */ = {isa = PBXFileReference; fileEncoding = 4; lastKnownFileType = sourcecode.c.h; path = MASCompositeConstraint.h; sourceTree = "<group>"; };
		25231C781DAB81DF009DD12A /* MASConstraint+Private.h */ = {isa = PBXFileReference; fileEncoding = 4; lastKnownFileType = sourcecode.c.h; path = "MASConstraint+Private.h"; sourceTree = "<group>"; };
		25231C791DAB81DF009DD12A /* MASConstraint.h */ = {isa = PBXFileReference; fileEncoding = 4; lastKnownFileType = sourcecode.c.h; path = MASConstraint.h; sourceTree = "<group>"; };
		25231C7A1DAB81DF009DD12A /* MASConstraintMaker.h */ = {isa = PBXFileReference; fileEncoding = 4; lastKnownFileType = sourcecode.c.h; path = MASConstraintMaker.h; sourceTree = "<group>"; };
		25231C7B1DAB81DF009DD12A /* MASLayoutConstraint.h */ = {isa = PBXFileReference; fileEncoding = 4; lastKnownFileType = sourcecode.c.h; path = MASLayoutConstraint.h; sourceTree = "<group>"; };
		25231C7C1DAB81DF009DD12A /* Masonry.h */ = {isa = PBXFileReference; fileEncoding = 4; lastKnownFileType = sourcecode.c.h; path = Masonry.h; sourceTree = "<group>"; };
		25231C7D1DAB81DF009DD12A /* MASUtilities.h */ = {isa = PBXFileReference; fileEncoding = 4; lastKnownFileType = sourcecode.c.h; path = MASUtilities.h; sourceTree = "<group>"; };
		25231C7E1DAB81DF009DD12A /* MASViewAttribute.h */ = {isa = PBXFileReference; fileEncoding = 4; lastKnownFileType = sourcecode.c.h; path = MASViewAttribute.h; sourceTree = "<group>"; };
		25231C7F1DAB81DF009DD12A /* MASViewConstraint.h */ = {isa = PBXFileReference; fileEncoding = 4; lastKnownFileType = sourcecode.c.h; path = MASViewConstraint.h; sourceTree = "<group>"; };
		25231C801DAB81DF009DD12A /* NSArray+MASAdditions.h */ = {isa = PBXFileReference; fileEncoding = 4; lastKnownFileType = sourcecode.c.h; path = "NSArray+MASAdditions.h"; sourceTree = "<group>"; };
		25231C811DAB81DF009DD12A /* NSArray+MASShorthandAdditions.h */ = {isa = PBXFileReference; fileEncoding = 4; lastKnownFileType = sourcecode.c.h; path = "NSArray+MASShorthandAdditions.h"; sourceTree = "<group>"; };
		25231C821DAB81DF009DD12A /* NSLayoutConstraint+MASDebugAdditions.h */ = {isa = PBXFileReference; fileEncoding = 4; lastKnownFileType = sourcecode.c.h; path = "NSLayoutConstraint+MASDebugAdditions.h"; sourceTree = "<group>"; };
		25231C831DAB81DF009DD12A /* View+MASAdditions.h */ = {isa = PBXFileReference; fileEncoding = 4; lastKnownFileType = sourcecode.c.h; path = "View+MASAdditions.h"; sourceTree = "<group>"; };
		25231C841DAB81DF009DD12A /* View+MASShorthandAdditions.h */ = {isa = PBXFileReference; fileEncoding = 4; lastKnownFileType = sourcecode.c.h; path = "View+MASShorthandAdditions.h"; sourceTree = "<group>"; };
		25231C851DAB81DF009DD12A /* ViewController+MASAdditions.h */ = {isa = PBXFileReference; fileEncoding = 4; lastKnownFileType = sourcecode.c.h; path = "ViewController+MASAdditions.h"; sourceTree = "<group>"; };
		25231C871DAB81E0009DD12A /* Manifest.lock */ = {isa = PBXFileReference; fileEncoding = 4; lastKnownFileType = text; path = Manifest.lock; sourceTree = "<group>"; };
		25231C891DAB81E0009DD12A /* LICENSE */ = {isa = PBXFileReference; fileEncoding = 4; lastKnownFileType = text; path = LICENSE; sourceTree = "<group>"; };
		25231C8B1DAB81E0009DD12A /* MASCompositeConstraint.h */ = {isa = PBXFileReference; fileEncoding = 4; lastKnownFileType = sourcecode.c.h; path = MASCompositeConstraint.h; sourceTree = "<group>"; };
		25231C8C1DAB81E0009DD12A /* MASCompositeConstraint.m */ = {isa = PBXFileReference; fileEncoding = 4; lastKnownFileType = sourcecode.c.objc; path = MASCompositeConstraint.m; sourceTree = "<group>"; };
		25231C8D1DAB81E0009DD12A /* MASConstraint+Private.h */ = {isa = PBXFileReference; fileEncoding = 4; lastKnownFileType = sourcecode.c.h; path = "MASConstraint+Private.h"; sourceTree = "<group>"; };
		25231C8E1DAB81E0009DD12A /* MASConstraint.h */ = {isa = PBXFileReference; fileEncoding = 4; lastKnownFileType = sourcecode.c.h; path = MASConstraint.h; sourceTree = "<group>"; };
		25231C8F1DAB81E0009DD12A /* MASConstraint.m */ = {isa = PBXFileReference; fileEncoding = 4; lastKnownFileType = sourcecode.c.objc; path = MASConstraint.m; sourceTree = "<group>"; };
		25231C901DAB81E0009DD12A /* MASConstraintMaker.h */ = {isa = PBXFileReference; fileEncoding = 4; lastKnownFileType = sourcecode.c.h; path = MASConstraintMaker.h; sourceTree = "<group>"; };
		25231C911DAB81E0009DD12A /* MASConstraintMaker.m */ = {isa = PBXFileReference; fileEncoding = 4; lastKnownFileType = sourcecode.c.objc; path = MASConstraintMaker.m; sourceTree = "<group>"; };
		25231C921DAB81E0009DD12A /* MASLayoutConstraint.h */ = {isa = PBXFileReference; fileEncoding = 4; lastKnownFileType = sourcecode.c.h; path = MASLayoutConstraint.h; sourceTree = "<group>"; };
		25231C931DAB81E0009DD12A /* MASLayoutConstraint.m */ = {isa = PBXFileReference; fileEncoding = 4; lastKnownFileType = sourcecode.c.objc; path = MASLayoutConstraint.m; sourceTree = "<group>"; };
		25231C941DAB81E0009DD12A /* Masonry.h */ = {isa = PBXFileReference; fileEncoding = 4; lastKnownFileType = sourcecode.c.h; path = Masonry.h; sourceTree = "<group>"; };
		25231C951DAB81E0009DD12A /* MASUtilities.h */ = {isa = PBXFileReference; fileEncoding = 4; lastKnownFileType = sourcecode.c.h; path = MASUtilities.h; sourceTree = "<group>"; };
		25231C961DAB81E0009DD12A /* MASViewAttribute.h */ = {isa = PBXFileReference; fileEncoding = 4; lastKnownFileType = sourcecode.c.h; path = MASViewAttribute.h; sourceTree = "<group>"; };
		25231C971DAB81E0009DD12A /* MASViewAttribute.m */ = {isa = PBXFileReference; fileEncoding = 4; lastKnownFileType = sourcecode.c.objc; path = MASViewAttribute.m; sourceTree = "<group>"; };
		25231C981DAB81E0009DD12A /* MASViewConstraint.h */ = {isa = PBXFileReference; fileEncoding = 4; lastKnownFileType = sourcecode.c.h; path = MASViewConstraint.h; sourceTree = "<group>"; };
		25231C991DAB81E0009DD12A /* MASViewConstraint.m */ = {isa = PBXFileReference; fileEncoding = 4; lastKnownFileType = sourcecode.c.objc; path = MASViewConstraint.m; sourceTree = "<group>"; };
		25231C9A1DAB81E0009DD12A /* NSArray+MASAdditions.h */ = {isa = PBXFileReference; fileEncoding = 4; lastKnownFileType = sourcecode.c.h; path = "NSArray+MASAdditions.h"; sourceTree = "<group>"; };
		25231C9B1DAB81E0009DD12A /* NSArray+MASAdditions.m */ = {isa = PBXFileReference; fileEncoding = 4; lastKnownFileType = sourcecode.c.objc; path = "NSArray+MASAdditions.m"; sourceTree = "<group>"; };
		25231C9C1DAB81E0009DD12A /* NSArray+MASShorthandAdditions.h */ = {isa = PBXFileReference; fileEncoding = 4; lastKnownFileType = sourcecode.c.h; path = "NSArray+MASShorthandAdditions.h"; sourceTree = "<group>"; };
		25231C9D1DAB81E0009DD12A /* NSLayoutConstraint+MASDebugAdditions.h */ = {isa = PBXFileReference; fileEncoding = 4; lastKnownFileType = sourcecode.c.h; path = "NSLayoutConstraint+MASDebugAdditions.h"; sourceTree = "<group>"; };
		25231C9E1DAB81E0009DD12A /* NSLayoutConstraint+MASDebugAdditions.m */ = {isa = PBXFileReference; fileEncoding = 4; lastKnownFileType = sourcecode.c.objc; path = "NSLayoutConstraint+MASDebugAdditions.m"; sourceTree = "<group>"; };
		25231C9F1DAB81E0009DD12A /* View+MASAdditions.h */ = {isa = PBXFileReference; fileEncoding = 4; lastKnownFileType = sourcecode.c.h; path = "View+MASAdditions.h"; sourceTree = "<group>"; };
		25231CA01DAB81E0009DD12A /* View+MASAdditions.m */ = {isa = PBXFileReference; fileEncoding = 4; lastKnownFileType = sourcecode.c.objc; path = "View+MASAdditions.m"; sourceTree = "<group>"; };
		25231CA11DAB81E0009DD12A /* View+MASShorthandAdditions.h */ = {isa = PBXFileReference; fileEncoding = 4; lastKnownFileType = sourcecode.c.h; path = "View+MASShorthandAdditions.h"; sourceTree = "<group>"; };
		25231CA21DAB81E0009DD12A /* ViewController+MASAdditions.h */ = {isa = PBXFileReference; fileEncoding = 4; lastKnownFileType = sourcecode.c.h; path = "ViewController+MASAdditions.h"; sourceTree = "<group>"; };
		25231CA31DAB81E0009DD12A /* ViewController+MASAdditions.m */ = {isa = PBXFileReference; fileEncoding = 4; lastKnownFileType = sourcecode.c.objc; path = "ViewController+MASAdditions.m"; sourceTree = "<group>"; };
		25231CA41DAB81E0009DD12A /* README.md */ = {isa = PBXFileReference; fileEncoding = 4; lastKnownFileType = net.daringfireball.markdown; path = README.md; sourceTree = "<group>"; };
		25231CA51DAB81E0009DD12A /* Pods.xcodeproj */ = {isa = PBXFileReference; lastKnownFileType = "wrapper.pb-project"; path = Pods.xcodeproj; sourceTree = "<group>"; };
		25231CAA1DAB81E0009DD12A /* Masonry-dummy.m */ = {isa = PBXFileReference; fileEncoding = 4; lastKnownFileType = sourcecode.c.objc; path = "Masonry-dummy.m"; sourceTree = "<group>"; };
		25231CAB1DAB81E0009DD12A /* Masonry-prefix.pch */ = {isa = PBXFileReference; fileEncoding = 4; lastKnownFileType = sourcecode.c.h; path = "Masonry-prefix.pch"; sourceTree = "<group>"; };
		25231CAC1DAB81E0009DD12A /* Masonry.xcconfig */ = {isa = PBXFileReference; fileEncoding = 4; lastKnownFileType = text.xcconfig; path = Masonry.xcconfig; sourceTree = "<group>"; };
		25231CAE1DAB81E0009DD12A /* Pods-LianDong-acknowledgements.markdown */ = {isa = PBXFileReference; fileEncoding = 4; lastKnownFileType = net.daringfireball.markdown; path = "Pods-LianDong-acknowledgements.markdown"; sourceTree = "<group>"; };
		25231CAF1DAB81E0009DD12A /* Pods-LianDong-acknowledgements.plist */ = {isa = PBXFileReference; fileEncoding = 4; lastKnownFileType = text.plist.xml; path = "Pods-LianDong-acknowledgements.plist"; sourceTree = "<group>"; };
		25231CB01DAB81E0009DD12A /* Pods-LianDong-dummy.m */ = {isa = PBXFileReference; fileEncoding = 4; lastKnownFileType = sourcecode.c.objc; path = "Pods-LianDong-dummy.m"; sourceTree = "<group>"; };
		25231CB11DAB81E0009DD12A /* Pods-LianDong-frameworks.sh */ = {isa = PBXFileReference; fileEncoding = 4; lastKnownFileType = text.script.sh; path = "Pods-LianDong-frameworks.sh"; sourceTree = "<group>"; };
		25231CB21DAB81E0009DD12A /* Pods-LianDong-resources.sh */ = {isa = PBXFileReference; fileEncoding = 4; lastKnownFileType = text.script.sh; path = "Pods-LianDong-resources.sh"; sourceTree = "<group>"; };
		25231CB31DAB81E0009DD12A /* Pods-LianDong.debug.xcconfig */ = {isa = PBXFileReference; fileEncoding = 4; lastKnownFileType = text.xcconfig; path = "Pods-LianDong.debug.xcconfig"; sourceTree = "<group>"; };
		25231CB41DAB81E0009DD12A /* Pods-LianDong.release.xcconfig */ = {isa = PBXFileReference; fileEncoding = 4; lastKnownFileType = text.xcconfig; path = "Pods-LianDong.release.xcconfig"; sourceTree = "<group>"; };
		25231CD31DAB8418009DD12A /* RootViewController.h */ = {isa = PBXFileReference; fileEncoding = 4; lastKnownFileType = sourcecode.c.h; path = RootViewController.h; sourceTree = "<group>"; };
		25231CD41DAB8418009DD12A /* RootViewController.m */ = {isa = PBXFileReference; fileEncoding = 4; lastKnownFileType = sourcecode.c.objc; path = RootViewController.m; sourceTree = "<group>"; };
		25231CD51DAB8418009DD12A /* RootViewController.xib */ = {isa = PBXFileReference; fileEncoding = 4; lastKnownFileType = file.xib; path = RootViewController.xib; sourceTree = "<group>"; };
		25231CDA1DAB8BBF009DD12A /* LinkageView.h */ = {isa = PBXFileReference; fileEncoding = 4; lastKnownFileType = sourcecode.c.h; path = LinkageView.h; sourceTree = "<group>"; };
		25231CDB1DAB8BBF009DD12A /* LinkageView.m */ = {isa = PBXFileReference; fileEncoding = 4; lastKnownFileType = sourcecode.c.objc; path = LinkageView.m; sourceTree = "<group>"; };
		25688F2B1DAA20CB002AA448 /* mypro2.app */ = {isa = PBXFileReference; explicitFileType = wrapper.application; includeInIndex = 0; path = mypro2.app; sourceTree = BUILT_PRODUCTS_DIR; };
		25688F2F1DAA20CB002AA448 /* main.m */ = {isa = PBXFileReference; lastKnownFileType = sourcecode.c.objc; path = main.m; sourceTree = "<group>"; };
		25688F311DAA20CB002AA448 /* AppDelegate.h */ = {isa = PBXFileReference; lastKnownFileType = sourcecode.c.h; path = AppDelegate.h; sourceTree = "<group>"; };
		25688F321DAA20CB002AA448 /* AppDelegate.m */ = {isa = PBXFileReference; lastKnownFileType = sourcecode.c.objc; path = AppDelegate.m; sourceTree = "<group>"; };
		25688F341DAA20CB002AA448 /* ViewController.h */ = {isa = PBXFileReference; lastKnownFileType = sourcecode.c.h; path = ViewController.h; sourceTree = "<group>"; };
		25688F351DAA20CB002AA448 /* ViewController.m */ = {isa = PBXFileReference; lastKnownFileType = sourcecode.c.objc; path = ViewController.m; sourceTree = "<group>"; };
		25688F381DAA20CB002AA448 /* Base */ = {isa = PBXFileReference; lastKnownFileType = file.storyboard; name = Base; path = Base.lproj/Main.storyboard; sourceTree = "<group>"; };
		25688F3A1DAA20CB002AA448 /* Assets.xcassets */ = {isa = PBXFileReference; lastKnownFileType = folder.assetcatalog; path = Assets.xcassets; sourceTree = "<group>"; };
		25688F3D1DAA20CB002AA448 /* Base */ = {isa = PBXFileReference; lastKnownFileType = file.storyboard; name = Base; path = Base.lproj/LaunchScreen.storyboard; sourceTree = "<group>"; };
		25688F3F1DAA20CB002AA448 /* Info.plist */ = {isa = PBXFileReference; lastKnownFileType = text.plist.xml; path = Info.plist; sourceTree = "<group>"; };
		25688F441DAA20CB002AA448 /* mypro2Tests.xctest */ = {isa = PBXFileReference; explicitFileType = wrapper.cfbundle; includeInIndex = 0; path = mypro2Tests.xctest; sourceTree = BUILT_PRODUCTS_DIR; };
		25688F481DAA20CB002AA448 /* mypro2Tests.m */ = {isa = PBXFileReference; lastKnownFileType = sourcecode.c.objc; path = mypro2Tests.m; sourceTree = "<group>"; };
		25688F4A1DAA20CB002AA448 /* Info.plist */ = {isa = PBXFileReference; lastKnownFileType = text.plist.xml; path = Info.plist; sourceTree = "<group>"; };
		25688F4F1DAA20CB002AA448 /* mypro2UITests.xctest */ = {isa = PBXFileReference; explicitFileType = wrapper.cfbundle; includeInIndex = 0; path = mypro2UITests.xctest; sourceTree = BUILT_PRODUCTS_DIR; };
		25688F531DAA20CB002AA448 /* mypro2UITests.m */ = {isa = PBXFileReference; lastKnownFileType = sourcecode.c.objc; path = mypro2UITests.m; sourceTree = "<group>"; };
		25688F551DAA20CB002AA448 /* Info.plist */ = {isa = PBXFileReference; lastKnownFileType = text.plist.xml; path = Info.plist; sourceTree = "<group>"; };
		25688F641DAA2218002AA448 /* PrefixHeader.pch */ = {isa = PBXFileReference; lastKnownFileType = sourcecode.c.h; path = PrefixHeader.pch; sourceTree = "<group>"; };
		25688F661DAA2539002AA448 /* PublicHeadClass.h */ = {isa = PBXFileReference; fileEncoding = 4; lastKnownFileType = sourcecode.c.h; path = PublicHeadClass.h; sourceTree = "<group>"; };
		25688F671DAA2644002AA448 /* LeftTableViewCell.h */ = {isa = PBXFileReference; fileEncoding = 4; lastKnownFileType = sourcecode.c.h; path = LeftTableViewCell.h; sourceTree = "<group>"; };
		25688F681DAA2644002AA448 /* LeftTableViewCell.m */ = {isa = PBXFileReference; fileEncoding = 4; lastKnownFileType = sourcecode.c.objc; path = LeftTableViewCell.m; sourceTree = "<group>"; };
		25688F6D1DAA27F5002AA448 /* CategoryModel.h */ = {isa = PBXFileReference; fileEncoding = 4; lastKnownFileType = sourcecode.c.h; path = CategoryModel.h; sourceTree = "<group>"; };
		25688F6E1DAA27F5002AA448 /* CategoryModel.m */ = {isa = PBXFileReference; fileEncoding = 4; lastKnownFileType = sourcecode.c.objc; path = CategoryModel.m; sourceTree = "<group>"; };
		25688F711DAA2DD9002AA448 /* TableViewHeaderView.h */ = {isa = PBXFileReference; fileEncoding = 4; lastKnownFileType = sourcecode.c.h; path = TableViewHeaderView.h; sourceTree = "<group>"; };
		25688F721DAA2DD9002AA448 /* TableViewHeaderView.m */ = {isa = PBXFileReference; fileEncoding = 4; lastKnownFileType = sourcecode.c.objc; path = TableViewHeaderView.m; sourceTree = "<group>"; };
		25DE291D1DAC7AC100ABFCFA /* ShopDetailView.h */ = {isa = PBXFileReference; fileEncoding = 4; lastKnownFileType = sourcecode.c.h; path = ShopDetailView.h; sourceTree = "<group>"; };
		25DE291E1DAC7AC100ABFCFA /* ShopDetailView.m */ = {isa = PBXFileReference; fileEncoding = 4; lastKnownFileType = sourcecode.c.objc; path = ShopDetailView.m; sourceTree = "<group>"; };
		25DE29201DAC7AD000ABFCFA /* ShopCarView.h */ = {isa = PBXFileReference; fileEncoding = 4; lastKnownFileType = sourcecode.c.h; path = ShopCarView.h; sourceTree = "<group>"; };
		25DE29211DAC7AD000ABFCFA /* ShopCarView.m */ = {isa = PBXFileReference; fileEncoding = 4; lastKnownFileType = sourcecode.c.objc; path = ShopCarView.m; sourceTree = "<group>"; };
		25DE2A481DACD49600ABFCFA /* tempViewController.h */ = {isa = PBXFileReference; fileEncoding = 4; lastKnownFileType = sourcecode.c.h; path = tempViewController.h; sourceTree = "<group>"; };
		25DE2A491DACD49600ABFCFA /* tempViewController.m */ = {isa = PBXFileReference; fileEncoding = 4; lastKnownFileType = sourcecode.c.objc; path = tempViewController.m; sourceTree = "<group>"; };
		25DE2A4A1DACD49600ABFCFA /* tempViewController.xib */ = {isa = PBXFileReference; fileEncoding = 4; lastKnownFileType = file.xib; path = tempViewController.xib; sourceTree = "<group>"; };
		25DE2A551DACD89F00ABFCFA /* ShopNaviView.h */ = {isa = PBXFileReference; fileEncoding = 4; lastKnownFileType = sourcecode.c.h; path = ShopNaviView.h; sourceTree = "<group>"; };
		25DE2A561DACD89F00ABFCFA /* ShopNaviView.m */ = {isa = PBXFileReference; fileEncoding = 4; lastKnownFileType = sourcecode.c.objc; path = ShopNaviView.m; sourceTree = "<group>"; };
		25DE2A5A1DACE08300ABFCFA /* NaviBackButton.png */ = {isa = PBXFileReference; lastKnownFileType = image.png; path = NaviBackButton.png; sourceTree = "<group>"; };
		25EAF62A1DADFED100C3A6A9 /* ShopToolbar.h */ = {isa = PBXFileReference; fileEncoding = 4; lastKnownFileType = sourcecode.c.h; path = ShopToolbar.h; sourceTree = "<group>"; };
		25EAF62B1DADFED100C3A6A9 /* ShopToolbar.m */ = {isa = PBXFileReference; fileEncoding = 4; lastKnownFileType = sourcecode.c.objc; path = ShopToolbar.m; sourceTree = "<group>"; };
		25EAF62F1DAE086E00C3A6A9 /* back_cross.png */ = {isa = PBXFileReference; lastKnownFileType = image.png; path = back_cross.png; sourceTree = "<group>"; };
		25EAF6331DAE197200C3A6A9 /* RightTableViewCell.h */ = {isa = PBXFileReference; fileEncoding = 4; lastKnownFileType = sourcecode.c.h; path = RightTableViewCell.h; sourceTree = "<group>"; };
		25EAF6341DAE197200C3A6A9 /* RightTableViewCell.m */ = {isa = PBXFileReference; fileEncoding = 4; lastKnownFileType = sourcecode.c.objc; path = RightTableViewCell.m; sourceTree = "<group>"; };
		25EAF6351DAE197200C3A6A9 /* RightTableViewCell.xib */ = {isa = PBXFileReference; fileEncoding = 4; lastKnownFileType = file.xib; path = RightTableViewCell.xib; sourceTree = "<group>"; };
		25EAF6381DAE1C6500C3A6A9 /* subGoods.png */ = {isa = PBXFileReference; lastKnownFileType = image.png; path = subGoods.png; sourceTree = "<group>"; };
		25EAF6391DAE1C6500C3A6A9 /* addGoods.png */ = {isa = PBXFileReference; lastKnownFileType = image.png; path = addGoods.png; sourceTree = "<group>"; };
		25EAF63C1DAE1E1800C3A6A9 /* add.png */ = {isa = PBXFileReference; lastKnownFileType = image.png; path = add.png; sourceTree = "<group>"; };
		25EAF6401DAE1F0100C3A6A9 /* sub.png */ = {isa = PBXFileReference; lastKnownFileType = image.png; path = sub.png; sourceTree = "<group>"; };
		25EAF6421DAE20CD00C3A6A9 /* SectionThirdModel.m */ = {isa = PBXFileReference; fileEncoding = 4; lastKnownFileType = sourcecode.c.objc; path = SectionThirdModel.m; sourceTree = "<group>"; };
		25EAF6431DAE20CD00C3A6A9 /* SectionThirdModel.h */ = {isa = PBXFileReference; fileEncoding = 4; lastKnownFileType = sourcecode.c.h; path = SectionThirdModel.h; sourceTree = "<group>"; };
		25EAF6451DAE237A00C3A6A9 /* mdl.png */ = {isa = PBXFileReference; lastKnownFileType = image.png; path = mdl.png; sourceTree = "<group>"; };
/* End PBXFileReference section */

/* Begin PBXFrameworksBuildPhase section */
		25688F281DAA20CB002AA448 /* Frameworks */ = {
			isa = PBXFrameworksBuildPhase;
			buildActionMask = 2147483647;
			files = (
			);
			runOnlyForDeploymentPostprocessing = 0;
		};
		25688F411DAA20CB002AA448 /* Frameworks */ = {
			isa = PBXFrameworksBuildPhase;
			buildActionMask = 2147483647;
			files = (
			);
			runOnlyForDeploymentPostprocessing = 0;
		};
		25688F4C1DAA20CB002AA448 /* Frameworks */ = {
			isa = PBXFrameworksBuildPhase;
			buildActionMask = 2147483647;
			files = (
			);
			runOnlyForDeploymentPostprocessing = 0;
		};
/* End PBXFrameworksBuildPhase section */

/* Begin PBXGroup section */
		250D12B01DAF743200105DDB /* image */ = {
			isa = PBXGroup;
			children = (
				250D12B11DAF743F00105DDB /* GoodsImage1.png */,
				250D12B21DAF743F00105DDB /* GoodsImage2.png */,
				250D12B31DAF743F00105DDB /* GoodsImage3.png */,
				250D12B41DAF743F00105DDB /* GoodsImage4.png */,
				250D12B51DAF743F00105DDB /* GoodsImage5.png */,
				250D12B61DAF743F00105DDB /* GoodsImage6.png */,
				250D12B71DAF743F00105DDB /* GoodsImage7.png */,
				250D12B81DAF743F00105DDB /* GoodsImage8.png */,
				250D12B91DAF743F00105DDB /* GoodsImage9.png */,
				250D12BA1DAF743F00105DDB /* GoodsImage10.png */,
				250D12BB1DAF743F00105DDB /* GoodsImage11.png */,
				250D12BC1DAF743F00105DDB /* GoodsImage12.png */,
				250D12BD1DAF743F00105DDB /* GoodsImage13.png */,
				250D12BE1DAF743F00105DDB /* GoodsImage14.png */,
				250D12BF1DAF743F00105DDB /* GoodsImage15.png */,
				250D12C01DAF743F00105DDB /* GoodsImage16.png */,
				250D12C11DAF743F00105DDB /* GoodsImage18.png */,
				250D12C21DAF743F00105DDB /* GoodsImage19.png */,
				250D12C31DAF743F00105DDB /* GoodsImage20.png */,
				250D12C41DAF743F00105DDB /* GoodsImage21.png */,
				250D12C51DAF743F00105DDB /* GoodsImage22.png */,
				250D12C61DAF743F00105DDB /* GoodsImage23.png */,
				250D12C71DAF743F00105DDB /* GoodsImage26.png */,
				250D12C81DAF743F00105DDB /* GoodsImage27.png */,
				250D12C91DAF743F00105DDB /* GoodsImage28.png */,
				250D12CA1DAF743F00105DDB /* GoodsImage29.png */,
				250D12CB1DAF743F00105DDB /* GoodsImage30.png */,
			);
			name = image;
			sourceTree = "<group>";
		};
		25231C561DAB5C94009DD12A /* ScrollView */ = {
			isa = PBXGroup;
			children = (
				25231C571DAB5F7B009DD12A /* ChainReactionView.h */,
				25231C581DAB5F7B009DD12A /* ChainReactionView.m */,
				25231C5A1DAB6130009DD12A /* ChainReactionLabelButton.h */,
				25231C5B1DAB6130009DD12A /* ChainReactionLabelButton.m */,
			);
			name = ScrollView;
			sourceTree = "<group>";
		};
		25231C611DAB81C5009DD12A /* 第三方库 */ = {
			isa = PBXGroup;
			children = (
				25231C621DAB81DF009DD12A /* Pods */,
			);
			name = "第三方库";
			sourceTree = "<group>";
		};
		25231C621DAB81DF009DD12A /* Pods */ = {
			isa = PBXGroup;
			children = (
				25231C631DAB81DF009DD12A /* Headers */,
				25231C861DAB81DF009DD12A /* Local Podspecs */,
				25231C871DAB81E0009DD12A /* Manifest.lock */,
				25231C881DAB81E0009DD12A /* Masonry */,
				25231CA51DAB81E0009DD12A /* Pods.xcodeproj */,
				25231CA81DAB81E0009DD12A /* Target Support Files */,
			);
			path = Pods;
			sourceTree = "<group>";
		};
		25231C631DAB81DF009DD12A /* Headers */ = {
			isa = PBXGroup;
			children = (
				25231C641DAB81DF009DD12A /* Private */,
				25231C751DAB81DF009DD12A /* Public */,
			);
			path = Headers;
			sourceTree = "<group>";
		};
		25231C641DAB81DF009DD12A /* Private */ = {
			isa = PBXGroup;
			children = (
				25231C651DAB81DF009DD12A /* Masonry */,
			);
			path = Private;
			sourceTree = "<group>";
		};
		25231C651DAB81DF009DD12A /* Masonry */ = {
			isa = PBXGroup;
			children = (
				25231C661DAB81DF009DD12A /* MASCompositeConstraint.h */,
				25231C671DAB81DF009DD12A /* MASConstraint+Private.h */,
				25231C681DAB81DF009DD12A /* MASConstraint.h */,
				25231C691DAB81DF009DD12A /* MASConstraintMaker.h */,
				25231C6A1DAB81DF009DD12A /* MASLayoutConstraint.h */,
				25231C6B1DAB81DF009DD12A /* Masonry.h */,
				25231C6C1DAB81DF009DD12A /* MASUtilities.h */,
				25231C6D1DAB81DF009DD12A /* MASViewAttribute.h */,
				25231C6E1DAB81DF009DD12A /* MASViewConstraint.h */,
				25231C6F1DAB81DF009DD12A /* NSArray+MASAdditions.h */,
				25231C701DAB81DF009DD12A /* NSArray+MASShorthandAdditions.h */,
				25231C711DAB81DF009DD12A /* NSLayoutConstraint+MASDebugAdditions.h */,
				25231C721DAB81DF009DD12A /* View+MASAdditions.h */,
				25231C731DAB81DF009DD12A /* View+MASShorthandAdditions.h */,
				25231C741DAB81DF009DD12A /* ViewController+MASAdditions.h */,
			);
			path = Masonry;
			sourceTree = "<group>";
		};
		25231C751DAB81DF009DD12A /* Public */ = {
			isa = PBXGroup;
			children = (
				25231C761DAB81DF009DD12A /* Masonry */,
			);
			path = Public;
			sourceTree = "<group>";
		};
		25231C761DAB81DF009DD12A /* Masonry */ = {
			isa = PBXGroup;
			children = (
				25231C771DAB81DF009DD12A /* MASCompositeConstraint.h */,
				25231C781DAB81DF009DD12A /* MASConstraint+Private.h */,
				25231C791DAB81DF009DD12A /* MASConstraint.h */,
				25231C7A1DAB81DF009DD12A /* MASConstraintMaker.h */,
				25231C7B1DAB81DF009DD12A /* MASLayoutConstraint.h */,
				25231C7C1DAB81DF009DD12A /* Masonry.h */,
				25231C7D1DAB81DF009DD12A /* MASUtilities.h */,
				25231C7E1DAB81DF009DD12A /* MASViewAttribute.h */,
				25231C7F1DAB81DF009DD12A /* MASViewConstraint.h */,
				25231C801DAB81DF009DD12A /* NSArray+MASAdditions.h */,
				25231C811DAB81DF009DD12A /* NSArray+MASShorthandAdditions.h */,
				25231C821DAB81DF009DD12A /* NSLayoutConstraint+MASDebugAdditions.h */,
				25231C831DAB81DF009DD12A /* View+MASAdditions.h */,
				25231C841DAB81DF009DD12A /* View+MASShorthandAdditions.h */,
				25231C851DAB81DF009DD12A /* ViewController+MASAdditions.h */,
			);
			path = Masonry;
			sourceTree = "<group>";
		};
		25231C861DAB81DF009DD12A /* Local Podspecs */ = {
			isa = PBXGroup;
			children = (
			);
			path = "Local Podspecs";
			sourceTree = "<group>";
		};
		25231C881DAB81E0009DD12A /* Masonry */ = {
			isa = PBXGroup;
			children = (
				25231C891DAB81E0009DD12A /* LICENSE */,
				25231C8A1DAB81E0009DD12A /* Masonry */,
				25231CA41DAB81E0009DD12A /* README.md */,
			);
			path = Masonry;
			sourceTree = "<group>";
		};
		25231C8A1DAB81E0009DD12A /* Masonry */ = {
			isa = PBXGroup;
			children = (
				25231C8B1DAB81E0009DD12A /* MASCompositeConstraint.h */,
				25231C8C1DAB81E0009DD12A /* MASCompositeConstraint.m */,
				25231C8D1DAB81E0009DD12A /* MASConstraint+Private.h */,
				25231C8E1DAB81E0009DD12A /* MASConstraint.h */,
				25231C8F1DAB81E0009DD12A /* MASConstraint.m */,
				25231C901DAB81E0009DD12A /* MASConstraintMaker.h */,
				25231C911DAB81E0009DD12A /* MASConstraintMaker.m */,
				25231C921DAB81E0009DD12A /* MASLayoutConstraint.h */,
				25231C931DAB81E0009DD12A /* MASLayoutConstraint.m */,
				25231C941DAB81E0009DD12A /* Masonry.h */,
				25231C951DAB81E0009DD12A /* MASUtilities.h */,
				25231C961DAB81E0009DD12A /* MASViewAttribute.h */,
				25231C971DAB81E0009DD12A /* MASViewAttribute.m */,
				25231C981DAB81E0009DD12A /* MASViewConstraint.h */,
				25231C991DAB81E0009DD12A /* MASViewConstraint.m */,
				25231C9A1DAB81E0009DD12A /* NSArray+MASAdditions.h */,
				25231C9B1DAB81E0009DD12A /* NSArray+MASAdditions.m */,
				25231C9C1DAB81E0009DD12A /* NSArray+MASShorthandAdditions.h */,
				25231C9D1DAB81E0009DD12A /* NSLayoutConstraint+MASDebugAdditions.h */,
				25231C9E1DAB81E0009DD12A /* NSLayoutConstraint+MASDebugAdditions.m */,
				25231C9F1DAB81E0009DD12A /* View+MASAdditions.h */,
				25231CA01DAB81E0009DD12A /* View+MASAdditions.m */,
				25231CA11DAB81E0009DD12A /* View+MASShorthandAdditions.h */,
				25231CA21DAB81E0009DD12A /* ViewController+MASAdditions.h */,
				25231CA31DAB81E0009DD12A /* ViewController+MASAdditions.m */,
			);
			path = Masonry;
			sourceTree = "<group>";
		};
		25231CA61DAB81E0009DD12A /* Products */ = {
			isa = PBXGroup;
			children = (
				25231CCE1DAB81E0009DD12A /* libMasonry.a */,
				25231CD01DAB81E0009DD12A /* libPods-LianDong.a */,
			);
			name = Products;
			sourceTree = "<group>";
		};
		25231CA81DAB81E0009DD12A /* Target Support Files */ = {
			isa = PBXGroup;
			children = (
				25231CA91DAB81E0009DD12A /* Masonry */,
				25231CAD1DAB81E0009DD12A /* Pods-LianDong */,
			);
			path = "Target Support Files";
			sourceTree = "<group>";
		};
		25231CA91DAB81E0009DD12A /* Masonry */ = {
			isa = PBXGroup;
			children = (
				25231CAA1DAB81E0009DD12A /* Masonry-dummy.m */,
				25231CAB1DAB81E0009DD12A /* Masonry-prefix.pch */,
				25231CAC1DAB81E0009DD12A /* Masonry.xcconfig */,
			);
			path = Masonry;
			sourceTree = "<group>";
		};
		25231CAD1DAB81E0009DD12A /* Pods-LianDong */ = {
			isa = PBXGroup;
			children = (
				25231CAE1DAB81E0009DD12A /* Pods-LianDong-acknowledgements.markdown */,
				25231CAF1DAB81E0009DD12A /* Pods-LianDong-acknowledgements.plist */,
				25231CB01DAB81E0009DD12A /* Pods-LianDong-dummy.m */,
				25231CB11DAB81E0009DD12A /* Pods-LianDong-frameworks.sh */,
				25231CB21DAB81E0009DD12A /* Pods-LianDong-resources.sh */,
				25231CB31DAB81E0009DD12A /* Pods-LianDong.debug.xcconfig */,
				25231CB41DAB81E0009DD12A /* Pods-LianDong.release.xcconfig */,
			);
			path = "Pods-LianDong";
			sourceTree = "<group>";
		};
		25688F221DAA20CB002AA448 = {
			isa = PBXGroup;
			children = (
				250D12B01DAF743200105DDB /* image */,
				25688F2D1DAA20CB002AA448 /* mypro2 */,
				25688F471DAA20CB002AA448 /* mypro2Tests */,
				25688F521DAA20CB002AA448 /* mypro2UITests */,
				25688F2C1DAA20CB002AA448 /* Products */,
			);
			sourceTree = "<group>";
		};
		25688F2C1DAA20CB002AA448 /* Products */ = {
			isa = PBXGroup;
			children = (
				25688F2B1DAA20CB002AA448 /* mypro2.app */,
				25688F441DAA20CB002AA448 /* mypro2Tests.xctest */,
				25688F4F1DAA20CB002AA448 /* mypro2UITests.xctest */,
			);
			name = Products;
			sourceTree = "<group>";
		};
		25688F2D1DAA20CB002AA448 /* mypro2 */ = {
			isa = PBXGroup;
			children = (
				250D12EE1DAF8C7700105DDB /* Foundation+Log.m */,
				250D12F01DAF983000105DDB /* GoodsDetail.plist */,
				250D12A11DAF548500105DDB /* ShopAndGoods.plist */,
				250D129D1DAF2E8900105DDB /* shopCar.png */,
				25EAF6451DAE237A00C3A6A9 /* mdl.png */,
				25DE2A5A1DACE08300ABFCFA /* NaviBackButton.png */,
				25EAF62F1DAE086E00C3A6A9 /* back_cross.png */,
				25EAF6381DAE1C6500C3A6A9 /* subGoods.png */,
				25EAF6391DAE1C6500C3A6A9 /* addGoods.png */,
				25EAF63C1DAE1E1800C3A6A9 /* add.png */,
				25EAF6401DAE1F0100C3A6A9 /* sub.png */,
				25688F311DAA20CB002AA448 /* AppDelegate.h */,
				25688F321DAA20CB002AA448 /* AppDelegate.m */,
				25688F341DAA20CB002AA448 /* ViewController.h */,
				25688F351DAA20CB002AA448 /* ViewController.m */,
				25688F371DAA20CB002AA448 /* Main.storyboard */,
				25DE2A481DACD49600ABFCFA /* tempViewController.h */,
				25DE2A491DACD49600ABFCFA /* tempViewController.m */,
				25DE2A4A1DACD49600ABFCFA /* tempViewController.xib */,
				25DE291C1DAC796800ABFCFA /* ShopAndGoods */,
				25688F3A1DAA20CB002AA448 /* Assets.xcassets */,
				25688F3C1DAA20CB002AA448 /* LaunchScreen.storyboard */,
				25688F3F1DAA20CB002AA448 /* Info.plist */,
				25688F2E1DAA20CB002AA448 /* Supporting Files */,
			);
			path = mypro2;
			sourceTree = "<group>";
		};
		25688F2E1DAA20CB002AA448 /* Supporting Files */ = {
			isa = PBXGroup;
			children = (
				25688F2F1DAA20CB002AA448 /* main.m */,
			);
			name = "Supporting Files";
			sourceTree = "<group>";
		};
		25688F471DAA20CB002AA448 /* mypro2Tests */ = {
			isa = PBXGroup;
			children = (
				25688F481DAA20CB002AA448 /* mypro2Tests.m */,
				25688F4A1DAA20CB002AA448 /* Info.plist */,
			);
			path = mypro2Tests;
			sourceTree = "<group>";
		};
		25688F521DAA20CB002AA448 /* mypro2UITests */ = {
			isa = PBXGroup;
			children = (
				25688F531DAA20CB002AA448 /* mypro2UITests.m */,
				25688F551DAA20CB002AA448 /* Info.plist */,
			);
			path = mypro2UITests;
			sourceTree = "<group>";
		};
		25688F701DAA2D9D002AA448 /* Linkage */ = {
			isa = PBXGroup;
			children = (
				25231CDA1DAB8BBF009DD12A /* LinkageView.h */,
				25231CDB1DAB8BBF009DD12A /* LinkageView.m */,
				25EAF6331DAE197200C3A6A9 /* RightTableViewCell.h */,
				25EAF6341DAE197200C3A6A9 /* RightTableViewCell.m */,
				25EAF6351DAE197200C3A6A9 /* RightTableViewCell.xib */,
				25688F671DAA2644002AA448 /* LeftTableViewCell.h */,
				25688F681DAA2644002AA448 /* LeftTableViewCell.m */,
				25688F711DAA2DD9002AA448 /* TableViewHeaderView.h */,
				25688F721DAA2DD9002AA448 /* TableViewHeaderView.m */,
				25688F6D1DAA27F5002AA448 /* CategoryModel.h */,
				25688F6E1DAA27F5002AA448 /* CategoryModel.m */,
			);
			name = Linkage;
			sourceTree = "<group>";
		};
		25DE29181DAC793100ABFCFA /* ShopCarView */ = {
			isa = PBXGroup;
			children = (
				25DE29201DAC7AD000ABFCFA /* ShopCarView.h */,
				25DE29211DAC7AD000ABFCFA /* ShopCarView.m */,
			);
			name = ShopCarView;
			sourceTree = "<group>";
		};
		25DE291B1DAC794800ABFCFA /* ShopDetailView */ = {
			isa = PBXGroup;
			children = (
				25DE291D1DAC7AC100ABFCFA /* ShopDetailView.h */,
				25DE291E1DAC7AC100ABFCFA /* ShopDetailView.m */,
			);
			name = ShopDetailView;
			sourceTree = "<group>";
		};
		25DE291C1DAC796800ABFCFA /* ShopAndGoods */ = {
			isa = PBXGroup;
			children = (
				25688F641DAA2218002AA448 /* PrefixHeader.pch */,
				25688F661DAA2539002AA448 /* PublicHeadClass.h */,
				25231CD31DAB8418009DD12A /* RootViewController.h */,
				25231CD41DAB8418009DD12A /* RootViewController.m */,
				25231CD51DAB8418009DD12A /* RootViewController.xib */,
				25EAF6421DAE20CD00C3A6A9 /* SectionThirdModel.m */,
				25EAF6431DAE20CD00C3A6A9 /* SectionThirdModel.h */,
				250D12A81DAF643D00105DDB /* CreatPlist.h */,
				250D12A91DAF643D00105DDB /* CreatPlist.m */,
				25231C611DAB81C5009DD12A /* 第三方库 */,
				25688F701DAA2D9D002AA448 /* Linkage */,
				25231C561DAB5C94009DD12A /* ScrollView */,
				25DE2A4F1DACD52E00ABFCFA /* ShopNaviView */,
				25DE29181DAC793100ABFCFA /* ShopCarView */,
				25DE291B1DAC794800ABFCFA /* ShopDetailView */,
				25EAF6271DADFEA400C3A6A9 /* ShopDetailButton */,
			);
			name = ShopAndGoods;
			sourceTree = "<group>";
		};
		25DE2A4F1DACD52E00ABFCFA /* ShopNaviView */ = {
			isa = PBXGroup;
			children = (
				25DE2A551DACD89F00ABFCFA /* ShopNaviView.h */,
				25DE2A561DACD89F00ABFCFA /* ShopNaviView.m */,
			);
			name = ShopNaviView;
			sourceTree = "<group>";
		};
		25EAF6271DADFEA400C3A6A9 /* ShopDetailButton */ = {
			isa = PBXGroup;
			children = (
				25EAF62A1DADFED100C3A6A9 /* ShopToolbar.h */,
				25EAF62B1DADFED100C3A6A9 /* ShopToolbar.m */,
			);
			name = ShopDetailButton;
			sourceTree = "<group>";
		};
/* End PBXGroup section */

/* Begin PBXNativeTarget section */
		25688F2A1DAA20CB002AA448 /* mypro2 */ = {
			isa = PBXNativeTarget;
			buildConfigurationList = 25688F581DAA20CB002AA448 /* Build configuration list for PBXNativeTarget "mypro2" */;
			buildPhases = (
				25688F271DAA20CB002AA448 /* Sources */,
				25688F281DAA20CB002AA448 /* Frameworks */,
				25688F291DAA20CB002AA448 /* Resources */,
			);
			buildRules = (
			);
			dependencies = (
			);
			name = mypro2;
			productName = mypro2;
			productReference = 25688F2B1DAA20CB002AA448 /* mypro2.app */;
			productType = "com.apple.product-type.application";
		};
		25688F431DAA20CB002AA448 /* mypro2Tests */ = {
			isa = PBXNativeTarget;
			buildConfigurationList = 25688F5B1DAA20CB002AA448 /* Build configuration list for PBXNativeTarget "mypro2Tests" */;
			buildPhases = (
				25688F401DAA20CB002AA448 /* Sources */,
				25688F411DAA20CB002AA448 /* Frameworks */,
				25688F421DAA20CB002AA448 /* Resources */,
			);
			buildRules = (
			);
			dependencies = (
				25688F461DAA20CB002AA448 /* PBXTargetDependency */,
			);
			name = mypro2Tests;
			productName = mypro2Tests;
			productReference = 25688F441DAA20CB002AA448 /* mypro2Tests.xctest */;
			productType = "com.apple.product-type.bundle.unit-test";
		};
		25688F4E1DAA20CB002AA448 /* mypro2UITests */ = {
			isa = PBXNativeTarget;
			buildConfigurationList = 25688F5E1DAA20CB002AA448 /* Build configuration list for PBXNativeTarget "mypro2UITests" */;
			buildPhases = (
				25688F4B1DAA20CB002AA448 /* Sources */,
				25688F4C1DAA20CB002AA448 /* Frameworks */,
				25688F4D1DAA20CB002AA448 /* Resources */,
			);
			buildRules = (
			);
			dependencies = (
				25688F511DAA20CB002AA448 /* PBXTargetDependency */,
			);
			name = mypro2UITests;
			productName = mypro2UITests;
			productReference = 25688F4F1DAA20CB002AA448 /* mypro2UITests.xctest */;
			productType = "com.apple.product-type.bundle.ui-testing";
		};
/* End PBXNativeTarget section */

/* Begin PBXProject section */
		25688F231DAA20CB002AA448 /* Project object */ = {
			isa = PBXProject;
			attributes = {
				LastUpgradeCheck = 0720;
				ORGANIZATIONNAME = etc;
				TargetAttributes = {
					25688F2A1DAA20CB002AA448 = {
						CreatedOnToolsVersion = 7.2;
					};
					25688F431DAA20CB002AA448 = {
						CreatedOnToolsVersion = 7.2;
						TestTargetID = 25688F2A1DAA20CB002AA448;
					};
					25688F4E1DAA20CB002AA448 = {
						CreatedOnToolsVersion = 7.2;
						TestTargetID = 25688F2A1DAA20CB002AA448;
					};
				};
			};
			buildConfigurationList = 25688F261DAA20CB002AA448 /* Build configuration list for PBXProject "mypro2" */;
			compatibilityVersion = "Xcode 3.2";
			developmentRegion = English;
			hasScannedForEncodings = 0;
			knownRegions = (
				en,
				Base,
			);
			mainGroup = 25688F221DAA20CB002AA448;
			productRefGroup = 25688F2C1DAA20CB002AA448 /* Products */;
			projectDirPath = "";
			projectReferences = (
				{
					ProductGroup = 25231CA61DAB81E0009DD12A /* Products */;
					ProjectRef = 25231CA51DAB81E0009DD12A /* Pods.xcodeproj */;
				},
			);
			projectRoot = "";
			targets = (
				25688F2A1DAA20CB002AA448 /* mypro2 */,
				25688F431DAA20CB002AA448 /* mypro2Tests */,
				25688F4E1DAA20CB002AA448 /* mypro2UITests */,
			);
		};
/* End PBXProject section */

/* Begin PBXReferenceProxy section */
		25231CCE1DAB81E0009DD12A /* libMasonry.a */ = {
			isa = PBXReferenceProxy;
			fileType = archive.ar;
			path = libMasonry.a;
			remoteRef = 25231CCD1DAB81E0009DD12A /* PBXContainerItemProxy */;
			sourceTree = BUILT_PRODUCTS_DIR;
		};
		25231CD01DAB81E0009DD12A /* libPods-LianDong.a */ = {
			isa = PBXReferenceProxy;
			fileType = archive.ar;
			path = "libPods-LianDong.a";
			remoteRef = 25231CCF1DAB81E0009DD12A /* PBXContainerItemProxy */;
			sourceTree = BUILT_PRODUCTS_DIR;
		};
/* End PBXReferenceProxy section */

/* Begin PBXResourcesBuildPhase section */
		25688F291DAA20CB002AA448 /* Resources */ = {
			isa = PBXResourcesBuildPhase;
			buildActionMask = 2147483647;
			files = (
				25EAF6461DAE237A00C3A6A9 /* mdl.png in Resources */,
				250D12D71DAF743F00105DDB /* GoodsImage12.png in Resources */,
				250D12D11DAF743F00105DDB /* GoodsImage6.png in Resources */,
				250D12A21DAF548500105DDB /* ShopAndGoods.plist in Resources */,
				250D12D01DAF743F00105DDB /* GoodsImage5.png in Resources */,
				25688F3E1DAA20CB002AA448 /* LaunchScreen.storyboard in Resources */,
				25231CC71DAB81E0009DD12A /* Pods-LianDong-frameworks.sh in Resources */,
				25231CD71DAB8418009DD12A /* RootViewController.xib in Resources */,
				250D12F11DAF983000105DDB /* GoodsDetail.plist in Resources */,
				250D129E1DAF2E8900105DDB /* shopCar.png in Resources */,
				250D12DA1DAF743F00105DDB /* GoodsImage15.png in Resources */,
				25688F3B1DAA20CB002AA448 /* Assets.xcassets in Resources */,
				25EAF6411DAE1F0100C3A6A9 /* sub.png in Resources */,
				250D12E61DAF743F00105DDB /* GoodsImage30.png in Resources */,
				250D12CF1DAF743F00105DDB /* GoodsImage4.png in Resources */,
				250D12D91DAF743F00105DDB /* GoodsImage14.png in Resources */,
				25EAF63B1DAE1C6500C3A6A9 /* addGoods.png in Resources */,
				25231CC31DAB81E0009DD12A /* Masonry.xcconfig in Resources */,
				250D12E51DAF743F00105DDB /* GoodsImage29.png in Resources */,
				250D12DB1DAF743F00105DDB /* GoodsImage16.png in Resources */,
				250D12E41DAF743F00105DDB /* GoodsImage28.png in Resources */,
				25231CC81DAB81E0009DD12A /* Pods-LianDong-resources.sh in Resources */,
				25DE2A5B1DACE08300ABFCFA /* NaviBackButton.png in Resources */,
				250D12D41DAF743F00105DDB /* GoodsImage9.png in Resources */,
				250D12D81DAF743F00105DDB /* GoodsImage13.png in Resources */,
				25688F391DAA20CB002AA448 /* Main.storyboard in Resources */,
				25EAF6371DAE197200C3A6A9 /* RightTableViewCell.xib in Resources */,
				25EAF63E1DAE1E1800C3A6A9 /* add.png in Resources */,
				25EAF63A1DAE1C6500C3A6A9 /* subGoods.png in Resources */,
				25231CB51DAB81E0009DD12A /* Manifest.lock in Resources */,
				250D12D21DAF743F00105DDB /* GoodsImage7.png in Resources */,
				250D12DE1DAF743F00105DDB /* GoodsImage20.png in Resources */,
				250D12DF1DAF743F00105DDB /* GoodsImage21.png in Resources */,
				250D12DD1DAF743F00105DDB /* GoodsImage19.png in Resources */,
				25231CC91DAB81E0009DD12A /* Pods-LianDong.debug.xcconfig in Resources */,
				25231CB61DAB81E0009DD12A /* LICENSE in Resources */,
				25EAF6301DAE086E00C3A6A9 /* back_cross.png in Resources */,
				250D12D31DAF743F00105DDB /* GoodsImage8.png in Resources */,
				250D12D61DAF743F00105DDB /* GoodsImage11.png in Resources */,
				250D12DC1DAF743F00105DDB /* GoodsImage18.png in Resources */,
				250D12E01DAF743F00105DDB /* GoodsImage22.png in Resources */,
				250D12CC1DAF743F00105DDB /* GoodsImage1.png in Resources */,
				25DE2A4C1DACD49600ABFCFA /* tempViewController.xib in Resources */,
				250D12D51DAF743F00105DDB /* GoodsImage10.png in Resources */,
				250D12E11DAF743F00105DDB /* GoodsImage23.png in Resources */,
				250D12CD1DAF743F00105DDB /* GoodsImage2.png in Resources */,
				250D12E31DAF743F00105DDB /* GoodsImage27.png in Resources */,
				25231CCA1DAB81E0009DD12A /* Pods-LianDong.release.xcconfig in Resources */,
				250D12E21DAF743F00105DDB /* GoodsImage26.png in Resources */,
				250D12CE1DAF743F00105DDB /* GoodsImage3.png in Resources */,
				25231CC51DAB81E0009DD12A /* Pods-LianDong-acknowledgements.plist in Resources */,
			);
			runOnlyForDeploymentPostprocessing = 0;
		};
		25688F421DAA20CB002AA448 /* Resources */ = {
			isa = PBXResourcesBuildPhase;
			buildActionMask = 2147483647;
			files = (
			);
			runOnlyForDeploymentPostprocessing = 0;
		};
		25688F4D1DAA20CB002AA448 /* Resources */ = {
			isa = PBXResourcesBuildPhase;
			buildActionMask = 2147483647;
			files = (
			);
			runOnlyForDeploymentPostprocessing = 0;
		};
/* End PBXResourcesBuildPhase section */

/* Begin PBXSourcesBuildPhase section */
		25688F271DAA20CB002AA448 /* Sources */ = {
			isa = PBXSourcesBuildPhase;
			buildActionMask = 2147483647;
			files = (
				25231CBF1DAB81E0009DD12A /* View+MASAdditions.m in Sources */,
				25231CDC1DAB8BBF009DD12A /* LinkageView.m in Sources */,
				250D12AA1DAF643D00105DDB /* CreatPlist.m in Sources */,
				25688F6F1DAA27F5002AA448 /* CategoryModel.m in Sources */,
				25231CC11DAB81E0009DD12A /* README.md in Sources */,
				250D12EF1DAF8C7700105DDB /* Foundation+Log.m in Sources */,
				25231CC41DAB81E0009DD12A /* Pods-LianDong-acknowledgements.markdown in Sources */,
				25688F361DAA20CB002AA448 /* ViewController.m in Sources */,
				25688F691DAA2644002AA448 /* LeftTableViewCell.m in Sources */,
				25231CC61DAB81E0009DD12A /* Pods-LianDong-dummy.m in Sources */,
				25231CC01DAB81E0009DD12A /* ViewController+MASAdditions.m in Sources */,
				25DE29221DAC7AD000ABFCFA /* ShopCarView.m in Sources */,
				25231CBB1DAB81E0009DD12A /* MASViewAttribute.m in Sources */,
				25231CB71DAB81E0009DD12A /* MASCompositeConstraint.m in Sources */,
				25EAF6361DAE197200C3A6A9 /* RightTableViewCell.m in Sources */,
				25231C591DAB5F7B009DD12A /* ChainReactionView.m in Sources */,
				25688F331DAA20CB002AA448 /* AppDelegate.m in Sources */,
				25DE2A571DACD89F00ABFCFA /* ShopNaviView.m in Sources */,
				25DE291F1DAC7AC100ABFCFA /* ShopDetailView.m in Sources */,
				25231CD61DAB8418009DD12A /* RootViewController.m in Sources */,
				25231CB91DAB81E0009DD12A /* MASConstraintMaker.m in Sources */,
				25231CB81DAB81E0009DD12A /* MASConstraint.m in Sources */,
				25EAF6441DAE20CD00C3A6A9 /* SectionThirdModel.m in Sources */,
				25231CBE1DAB81E0009DD12A /* NSLayoutConstraint+MASDebugAdditions.m in Sources */,
				25231CBA1DAB81E0009DD12A /* MASLayoutConstraint.m in Sources */,
				25231CBD1DAB81E0009DD12A /* NSArray+MASAdditions.m in Sources */,
				25231C5C1DAB6130009DD12A /* ChainReactionLabelButton.m in Sources */,
				25231CC21DAB81E0009DD12A /* Masonry-dummy.m in Sources */,
				25DE2A4B1DACD49600ABFCFA /* tempViewController.m in Sources */,
				25688F301DAA20CB002AA448 /* main.m in Sources */,
				25688F731DAA2DD9002AA448 /* TableViewHeaderView.m in Sources */,
				25231CBC1DAB81E0009DD12A /* MASViewConstraint.m in Sources */,
				25EAF62C1DADFED100C3A6A9 /* ShopToolbar.m in Sources */,
			);
			runOnlyForDeploymentPostprocessing = 0;
		};
		25688F401DAA20CB002AA448 /* Sources */ = {
			isa = PBXSourcesBuildPhase;
			buildActionMask = 2147483647;
			files = (
				25688F491DAA20CB002AA448 /* mypro2Tests.m in Sources */,
			);
			runOnlyForDeploymentPostprocessing = 0;
		};
		25688F4B1DAA20CB002AA448 /* Sources */ = {
			isa = PBXSourcesBuildPhase;
			buildActionMask = 2147483647;
			files = (
				25688F541DAA20CB002AA448 /* mypro2UITests.m in Sources */,
			);
			runOnlyForDeploymentPostprocessing = 0;
		};
/* End PBXSourcesBuildPhase section */

/* Begin PBXTargetDependency section */
		25688F461DAA20CB002AA448 /* PBXTargetDependency */ = {
			isa = PBXTargetDependency;
			target = 25688F2A1DAA20CB002AA448 /* mypro2 */;
			targetProxy = 25688F451DAA20CB002AA448 /* PBXContainerItemProxy */;
		};
		25688F511DAA20CB002AA448 /* PBXTargetDependency */ = {
			isa = PBXTargetDependency;
			target = 25688F2A1DAA20CB002AA448 /* mypro2 */;
			targetProxy = 25688F501DAA20CB002AA448 /* PBXContainerItemProxy */;
		};
/* End PBXTargetDependency section */

/* Begin PBXVariantGroup section */
		25688F371DAA20CB002AA448 /* Main.storyboard */ = {
			isa = PBXVariantGroup;
			children = (
				25688F381DAA20CB002AA448 /* Base */,
			);
			name = Main.storyboard;
			sourceTree = "<group>";
		};
		25688F3C1DAA20CB002AA448 /* LaunchScreen.storyboard */ = {
			isa = PBXVariantGroup;
			children = (
				25688F3D1DAA20CB002AA448 /* Base */,
			);
			name = LaunchScreen.storyboard;
			sourceTree = "<group>";
		};
/* End PBXVariantGroup section */

/* Begin XCBuildConfiguration section */
		25688F561DAA20CB002AA448 /* Debug */ = {
			isa = XCBuildConfiguration;
			buildSettings = {
				ALWAYS_SEARCH_USER_PATHS = NO;
				CLANG_CXX_LANGUAGE_STANDARD = "gnu++0x";
				CLANG_CXX_LIBRARY = "libc++";
				CLANG_ENABLE_MODULES = YES;
				CLANG_ENABLE_OBJC_ARC = YES;
				CLANG_WARN_BOOL_CONVERSION = YES;
				CLANG_WARN_CONSTANT_CONVERSION = YES;
				CLANG_WARN_DIRECT_OBJC_ISA_USAGE = YES_ERROR;
				CLANG_WARN_EMPTY_BODY = YES;
				CLANG_WARN_ENUM_CONVERSION = YES;
				CLANG_WARN_INT_CONVERSION = YES;
				CLANG_WARN_OBJC_ROOT_CLASS = YES_ERROR;
				CLANG_WARN_UNREACHABLE_CODE = YES;
				CLANG_WARN__DUPLICATE_METHOD_MATCH = YES;
				"CODE_SIGN_IDENTITY[sdk=iphoneos*]" = "iPhone Developer";
				COPY_PHASE_STRIP = NO;
				DEBUG_INFORMATION_FORMAT = dwarf;
				ENABLE_STRICT_OBJC_MSGSEND = YES;
				ENABLE_TESTABILITY = YES;
				GCC_C_LANGUAGE_STANDARD = gnu99;
				GCC_DYNAMIC_NO_PIC = NO;
				GCC_NO_COMMON_BLOCKS = YES;
				GCC_OPTIMIZATION_LEVEL = 0;
				GCC_PREPROCESSOR_DEFINITIONS = (
					"DEBUG=1",
					"$(inherited)",
				);
				GCC_WARN_64_TO_32_BIT_CONVERSION = YES;
				GCC_WARN_ABOUT_RETURN_TYPE = YES_ERROR;
				GCC_WARN_UNDECLARED_SELECTOR = YES;
				GCC_WARN_UNINITIALIZED_AUTOS = YES_AGGRESSIVE;
				GCC_WARN_UNUSED_FUNCTION = YES;
				GCC_WARN_UNUSED_VARIABLE = YES;
				IPHONEOS_DEPLOYMENT_TARGET = 9.2;
				MTL_ENABLE_DEBUG_INFO = YES;
				ONLY_ACTIVE_ARCH = YES;
				SDKROOT = iphoneos;
			};
			name = Debug;
		};
		25688F571DAA20CB002AA448 /* Release */ = {
			isa = XCBuildConfiguration;
			buildSettings = {
				ALWAYS_SEARCH_USER_PATHS = NO;
				CLANG_CXX_LANGUAGE_STANDARD = "gnu++0x";
				CLANG_CXX_LIBRARY = "libc++";
				CLANG_ENABLE_MODULES = YES;
				CLANG_ENABLE_OBJC_ARC = YES;
				CLANG_WARN_BOOL_CONVERSION = YES;
				CLANG_WARN_CONSTANT_CONVERSION = YES;
				CLANG_WARN_DIRECT_OBJC_ISA_USAGE = YES_ERROR;
				CLANG_WARN_EMPTY_BODY = YES;
				CLANG_WARN_ENUM_CONVERSION = YES;
				CLANG_WARN_INT_CONVERSION = YES;
				CLANG_WARN_OBJC_ROOT_CLASS = YES_ERROR;
				CLANG_WARN_UNREACHABLE_CODE = YES;
				CLANG_WARN__DUPLICATE_METHOD_MATCH = YES;
				"CODE_SIGN_IDENTITY[sdk=iphoneos*]" = "iPhone Developer";
				COPY_PHASE_STRIP = NO;
				DEBUG_INFORMATION_FORMAT = "dwarf-with-dsym";
				ENABLE_NS_ASSERTIONS = NO;
				ENABLE_STRICT_OBJC_MSGSEND = YES;
				GCC_C_LANGUAGE_STANDARD = gnu99;
				GCC_NO_COMMON_BLOCKS = YES;
				GCC_WARN_64_TO_32_BIT_CONVERSION = YES;
				GCC_WARN_ABOUT_RETURN_TYPE = YES_ERROR;
				GCC_WARN_UNDECLARED_SELECTOR = YES;
				GCC_WARN_UNINITIALIZED_AUTOS = YES_AGGRESSIVE;
				GCC_WARN_UNUSED_FUNCTION = YES;
				GCC_WARN_UNUSED_VARIABLE = YES;
				IPHONEOS_DEPLOYMENT_TARGET = 9.2;
				MTL_ENABLE_DEBUG_INFO = NO;
				SDKROOT = iphoneos;
				VALIDATE_PRODUCT = YES;
			};
			name = Release;
		};
		25688F591DAA20CB002AA448 /* Debug */ = {
			isa = XCBuildConfiguration;
			buildSettings = {
				ASSETCATALOG_COMPILER_APPICON_NAME = AppIcon;
				GCC_PREFIX_HEADER = "$(SRCROOT)/mypro2/PrefixHeader.pch";
				INFOPLIST_FILE = mypro2/Info.plist;
				LD_RUNPATH_SEARCH_PATHS = "$(inherited) @executable_path/Frameworks";
				PRODUCT_BUNDLE_IDENTIFIER = com.etc.mypro2;
				PRODUCT_NAME = "$(TARGET_NAME)";
			};
			name = Debug;
		};
		25688F5A1DAA20CB002AA448 /* Release */ = {
			isa = XCBuildConfiguration;
			buildSettings = {
				ASSETCATALOG_COMPILER_APPICON_NAME = AppIcon;
				GCC_PREFIX_HEADER = "$(SRCROOT)/mypro2/PrefixHeader.pch";
				INFOPLIST_FILE = mypro2/Info.plist;
				LD_RUNPATH_SEARCH_PATHS = "$(inherited) @executable_path/Frameworks";
				PRODUCT_BUNDLE_IDENTIFIER = com.etc.mypro2;
				PRODUCT_NAME = "$(TARGET_NAME)";
			};
			name = Release;
		};
		25688F5C1DAA20CB002AA448 /* Debug */ = {
			isa = XCBuildConfiguration;
			buildSettings = {
				BUNDLE_LOADER = "$(TEST_HOST)";
				INFOPLIST_FILE = mypro2Tests/Info.plist;
				LD_RUNPATH_SEARCH_PATHS = "$(inherited) @executable_path/Frameworks @loader_path/Frameworks";
				PRODUCT_BUNDLE_IDENTIFIER = com.etc.mypro2Tests;
				PRODUCT_NAME = "$(TARGET_NAME)";
				TEST_HOST = "$(BUILT_PRODUCTS_DIR)/mypro2.app/mypro2";
			};
			name = Debug;
		};
		25688F5D1DAA20CB002AA448 /* Release */ = {
			isa = XCBuildConfiguration;
			buildSettings = {
				BUNDLE_LOADER = "$(TEST_HOST)";
				INFOPLIST_FILE = mypro2Tests/Info.plist;
				LD_RUNPATH_SEARCH_PATHS = "$(inherited) @executable_path/Frameworks @loader_path/Frameworks";
				PRODUCT_BUNDLE_IDENTIFIER = com.etc.mypro2Tests;
				PRODUCT_NAME = "$(TARGET_NAME)";
				TEST_HOST = "$(BUILT_PRODUCTS_DIR)/mypro2.app/mypro2";
			};
			name = Release;
		};
		25688F5F1DAA20CB002AA448 /* Debug */ = {
			isa = XCBuildConfiguration;
			buildSettings = {
				INFOPLIST_FILE = mypro2UITests/Info.plist;
				LD_RUNPATH_SEARCH_PATHS = "$(inherited) @executable_path/Frameworks @loader_path/Frameworks";
				PRODUCT_BUNDLE_IDENTIFIER = com.etc.mypro2UITests;
				PRODUCT_NAME = "$(TARGET_NAME)";
				TEST_TARGET_NAME = mypro2;
				USES_XCTRUNNER = YES;
			};
			name = Debug;
		};
		25688F601DAA20CB002AA448 /* Release */ = {
			isa = XCBuildConfiguration;
			buildSettings = {
				INFOPLIST_FILE = mypro2UITests/Info.plist;
				LD_RUNPATH_SEARCH_PATHS = "$(inherited) @executable_path/Frameworks @loader_path/Frameworks";
				PRODUCT_BUNDLE_IDENTIFIER = com.etc.mypro2UITests;
				PRODUCT_NAME = "$(TARGET_NAME)";
				TEST_TARGET_NAME = mypro2;
				USES_XCTRUNNER = YES;
			};
			name = Release;
		};
/* End XCBuildConfiguration section */

/* Begin XCConfigurationList section */
		25688F261DAA20CB002AA448 /* Build configuration list for PBXProject "mypro2" */ = {
			isa = XCConfigurationList;
			buildConfigurations = (
				25688F561DAA20CB002AA448 /* Debug */,
				25688F571DAA20CB002AA448 /* Release */,
			);
			defaultConfigurationIsVisible = 0;
			defaultConfigurationName = Release;
		};
		25688F581DAA20CB002AA448 /* Build configuration list for PBXNativeTarget "mypro2" */ = {
			isa = XCConfigurationList;
			buildConfigurations = (
				25688F591DAA20CB002AA448 /* Debug */,
				25688F5A1DAA20CB002AA448 /* Release */,
			);
			defaultConfigurationIsVisible = 0;
			defaultConfigurationName = Release;
		};
		25688F5B1DAA20CB002AA448 /* Build configuration list for PBXNativeTarget "mypro2Tests" */ = {
			isa = XCConfigurationList;
			buildConfigurations = (
				25688F5C1DAA20CB002AA448 /* Debug */,
				25688F5D1DAA20CB002AA448 /* Release */,
			);
			defaultConfigurationIsVisible = 0;
			defaultConfigurationName = Release;
		};
		25688F5E1DAA20CB002AA448 /* Build configuration list for PBXNativeTarget "mypro2UITests" */ = {
			isa = XCConfigurationList;
			buildConfigurations = (
				25688F5F1DAA20CB002AA448 /* Debug */,
				25688F601DAA20CB002AA448 /* Release */,
			);
			defaultConfigurationIsVisible = 0;
			defaultConfigurationName = Release;
		};
/* End XCConfigurationList section */
	};
	rootObject = 25688F231DAA20CB002AA448 /* Project object */;
}
