// !$*UTF8*$!
{
	archiveVersion = 1;
	classes = {
	};
	objectVersion = 46;
	objects = {

/* Begin PBXBuildFile section */
		25231C591DAB5F7B009DD12A /* ChainReactionView.m in Sources */ = {isa = PBXBuildFile; fileRef = 25231C581DAB5F7B009DD12A /* ChainReactionView.m */; };
		25231C5C1DAB6130009DD12A /* ChainReactionLabelButton.m in Sources */ = {isa = PBXBuildFile; fileRef = 25231C5B1DAB6130009DD12A /* ChainReactionLabelButton.m */; };
		25231CB51DAB81E0009DD12A /* Manifest.lock in Resources */ = {isa = PBXBuildFile; fileRef = 25231C871DAB81E0009DD12A /* Manifest.lock */; };
		25231CB61DAB81E0009DD12A /* LICENSE in Resources */ = {isa = PBXBuildFile; fileRef = 25231C891DAB81E0009DD12A /* LICENSE */; };
		25231CB71DAB81E0009DD12A /* MASCompositeConstraint.m in Sources */ = {isa = PBXBuildFile; fileRef = 25231C8C1DAB81E0009DD12A /* MASCompositeConstraint.m */; };
		25231CB81DAB81E0009DD12A /* MASConstraint.m in Sources */ = {isa = PBXBuildFile; fileRef = 25231C8F1DAB81E0009DD12A /* MASConstraint.m */; };
		25231CB91DAB81E0009DD12A /* MASConstraintMaker.m in Sources */ = {isa = PBXBuildFile; fileRef = 25231C911DAB81E0009DD12A /* MASConstraintMaker.m */; };
		25231CBA1DAB81E0009DD12A /* MASLayoutConstraint.m in Sources */ = {isa = PBXBuildFile; fileRef = 25231C931DAB81E0009DD12A /* MASLayoutConstraint.m */; };
		25231CBB1DAB81E0009DD12A /* MASViewAttribute.m in Sources */ = {isa = PBXBuildFile; fileRef = 25231C971DAB81E0009DD12A /* MASViewAttribute.m */; };
		25231CBC1DAB81E0009DD12A /* MASViewConstraint.m in Sources */ = {isa = PBXBuildFile; fileRef = 25231C991DAB81E0009DD12A /* MASViewConstraint.m */; };
		25231CBD1DAB81E0009DD12A /* NSArray+MASAdditions.m in Sources */ = {isa = PBXBuildFile; fileRef = 25231C9B1DAB81E0009DD12A /* NSArray+MASAdditions.m */; };
		25231CBE1DAB81E0009DD12A /* NSLayoutConstraint+MASDebugAdditions.m in Sources */ = {isa = PBXBuildFile; fileRef = 25231C9E1DAB81E0009DD12A /* NSLayoutConstraint+MASDebugAdditions.m */; };
		25231CBF1DAB81E0009DD12A /* View+MASAdditions.m in Sources */ = {isa = PBXBuildFile; fileRef = 25231CA01DAB81E0009DD12A /* View+MASAdditions.m */; };
		25231CC01DAB81E0009DD12A /* ViewController+MASAdditions.m in Sources */ = {isa = PBXBuildFile; fileRef = 25231CA31DAB81E0009DD12A /* ViewController+MASAdditions.m */; };
		25231CC11DAB81E0009DD12A /* README.md in Sources */ = {isa = PBXBuildFile; fileRef = 25231CA41DAB81E0009DD12A /* README.md */; };
		25231CC21DAB81E0009DD12A /* Masonry-dummy.m in Sources */ = {isa = PBXBuildFile; fileRef = 25231CAA1DAB81E0009DD12A /* Masonry-dummy.m */; };
		25231CC31DAB81E0009DD12A /* Masonry.xcconfig in Resources */ = {isa = PBXBuildFile; fileRef = 25231CAC1DAB81E0009DD12A /* Masonry.xcconfig */; };
		25231CC41DAB81E0009DD12A /* Pods-LianDong-acknowledgements.markdown in Sources */ = {isa = PBXBuildFile; fileRef = 25231CAE1DAB81E0009DD12A /* Pods-LianDong-acknowledgements.markdown */; };
		25231CC51DAB81E0009DD12A /* Pods-LianDong-acknowledgements.plist in Resources */ = {isa = PBXBuildFile; fileRef = 25231CAF1DAB81E0009DD12A /* Pods-LianDong-acknowledgements.plist */; };
		25231CC61DAB81E0009DD12A /* Pods-LianDong-dummy.m in Sources */ = {isa = PBXBuildFile; fileRef = 25231CB01DAB81E0009DD12A /* Pods-LianDong-dummy.m */; };
		25231CC71DAB81E0009DD12A /* Pods-LianDong-frameworks.sh in Resources */ = {isa = PBXBuildFile; fileRef = 25231CB11DAB81E0009DD12A /* Pods-LianDong-frameworks.sh */; };
		25231CC81DAB81E0009DD12A /* Pods-LianDong-resources.sh in Resources */ = {isa = PBXBuildFile; fileRef = 25231CB21DAB81E0009DD12A /* Pods-LianDong-resources.sh */; };
		25231CC91DAB81E0009DD12A /* Pods-LianDong.debug.xcconfig in Resources */ = {isa = PBXBuildFile; fileRef = 25231CB31DAB81E0009DD12A /* Pods-LianDong.debug.xcconfig */; };
		25231CCA1DAB81E0009DD12A /* Pods-LianDong.release.xcconfig in Resources */ = {isa = PBXBuildFile; fileRef = 25231CB41DAB81E0009DD12A /* Pods-LianDong.release.xcconfig */; };
		25688F301DAA20CB002AA448 /* main.m in Sources */ = {isa = PBXBuildFile; fileRef = 25688F2F1DAA20CB002AA448 /* main.m */; };
		25688F331DAA20CB002AA448 /* AppDelegate.m in Sources */ = {isa = PBXBuildFile; fileRef = 25688F321DAA20CB002AA448 /* AppDelegate.m */; };
		25688F361DAA20CB002AA448 /* ViewController.m in Sources */ = {isa = PBXBuildFile; fileRef = 25688F351DAA20CB002AA448 /* ViewController.m */; };
		25688F391DAA20CB002AA448 /* Main.storyboard in Resources */ = {isa = PBXBuildFile; fileRef = 25688F371DAA20CB002AA448 /* Main.storyboard */; };
		25688F3B1DAA20CB002AA448 /* Assets.xcassets in Resources */ = {isa = PBXBuildFile; fileRef = 25688F3A1DAA20CB002AA448 /* Assets.xcassets */; };
		25688F3E1DAA20CB002AA448 /* LaunchScreen.storyboard in Resources */ = {isa = PBXBuildFile; fileRef = 25688F3C1DAA20CB002AA448 /* LaunchScreen.storyboard */; };
		25688F491DAA20CB002AA448 /* mypro2Tests.m in Sources */ = {isa = PBXBuildFile; fileRef = 25688F481DAA20CB002AA448 /* mypro2Tests.m */; };
		25688F541DAA20CB002AA448 /* mypro2UITests.m in Sources */ = {isa = PBXBuildFile; fileRef = 25688F531DAA20CB002AA448 /* mypro2UITests.m */; };
		25688F631DAA21B3002AA448 /* LinkageTableViewController.m in Sources */ = {isa = PBXBuildFile; fileRef = 25688F621DAA21B3002AA448 /* LinkageTableViewController.m */; };
		25688F691DAA2644002AA448 /* LeftTableViewCell.m in Sources */ = {isa = PBXBuildFile; fileRef = 25688F681DAA2644002AA448 /* LeftTableViewCell.m */; };
		25688F6C1DAA265A002AA448 /* RightTableViewCell.m in Sources */ = {isa = PBXBuildFile; fileRef = 25688F6B1DAA265A002AA448 /* RightTableViewCell.m */; };
		25688F6F1DAA27F5002AA448 /* CategoryModel.m in Sources */ = {isa = PBXBuildFile; fileRef = 25688F6E1DAA27F5002AA448 /* CategoryModel.m */; };
		25688F731DAA2DD9002AA448 /* TableViewHeaderView.m in Sources */ = {isa = PBXBuildFile; fileRef = 25688F721DAA2DD9002AA448 /* TableViewHeaderView.m */; };
/* End PBXBuildFile section */

/* Begin PBXContainerItemProxy section */
		25231CCD1DAB81E0009DD12A /* PBXContainerItemProxy */ = {
			isa = PBXContainerItemProxy;
			containerPortal = 25231CA51DAB81E0009DD12A /* Pods.xcodeproj */;
			proxyType = 2;
			remoteGlobalIDString = 179CEB56CD71FCDF5C2E671F0747E956;
			remoteInfo = Masonry;
		};
		25231CCF1DAB81E0009DD12A /* PBXContainerItemProxy */ = {
			isa = PBXContainerItemProxy;
			containerPortal = 25231CA51DAB81E0009DD12A /* Pods.xcodeproj */;
			proxyType = 2;
			remoteGlobalIDString = EF223FC193D034A9E6159E399BD0D920;
			remoteInfo = "Pods-LianDong";
		};
		25688F451DAA20CB002AA448 /* PBXContainerItemProxy */ = {
			isa = PBXContainerItemProxy;
			containerPortal = 25688F231DAA20CB002AA448 /* Project object */;
			proxyType = 1;
			remoteGlobalIDString = 25688F2A1DAA20CB002AA448;
			remoteInfo = mypro2;
		};
		25688F501DAA20CB002AA448 /* PBXContainerItemProxy */ = {
			isa = PBXContainerItemProxy;
			containerPortal = 25688F231DAA20CB002AA448 /* Project object */;
			proxyType = 1;
			remoteGlobalIDString = 25688F2A1DAA20CB002AA448;
			remoteInfo = mypro2;
		};
/* End PBXContainerItemProxy section */

/* Begin PBXFileReference section */
		25231C571DAB5F7B009DD12A /* ChainReactionView.h */ = {isa = PBXFileReference; fileEncoding = 4; lastKnownFileType = sourcecode.c.h; path = ChainReactionView.h; sourceTree = "<group>"; };
		25231C581DAB5F7B009DD12A /* ChainReactionView.m */ = {isa = PBXFileReference; fileEncoding = 4; lastKnownFileType = sourcecode.c.objc; path = ChainReactionView.m; sourceTree = "<group>"; };
		25231C5A1DAB6130009DD12A /* ChainReactionLabelButton.h */ = {isa = PBXFileReference; fileEncoding = 4; lastKnownFileType = sourcecode.c.h; path = ChainReactionLabelButton.h; sourceTree = "<group>"; };
		25231C5B1DAB6130009DD12A /* ChainReactionLabelButton.m */ = {isa = PBXFileReference; fileEncoding = 4; lastKnownFileType = sourcecode.c.objc; path = ChainReactionLabelButton.m; sourceTree = "<group>"; };
		25231C661DAB81DF009DD12A /* MASCompositeConstraint.h */ = {isa = PBXFileReference; fileEncoding = 4; lastKnownFileType = sourcecode.c.h; path = MASCompositeConstraint.h; sourceTree = "<group>"; };
		25231C671DAB81DF009DD12A /* MASConstraint+Private.h */ = {isa = PBXFileReference; fileEncoding = 4; lastKnownFileType = sourcecode.c.h; path = "MASConstraint+Private.h"; sourceTree = "<group>"; };
		25231C681DAB81DF009DD12A /* MASConstraint.h */ = {isa = PBXFileReference; fileEncoding = 4; lastKnownFileType = sourcecode.c.h; path = MASConstraint.h; sourceTree = "<group>"; };
		25231C691DAB81DF009DD12A /* MASConstraintMaker.h */ = {isa = PBXFileReference; fileEncoding = 4; lastKnownFileType = sourcecode.c.h; path = MASConstraintMaker.h; sourceTree = "<group>"; };
		25231C6A1DAB81DF009DD12A /* MASLayoutConstraint.h */ = {isa = PBXFileReference; fileEncoding = 4; lastKnownFileType = sourcecode.c.h; path = MASLayoutConstraint.h; sourceTree = "<group>"; };
		25231C6B1DAB81DF009DD12A /* Masonry.h */ = {isa = PBXFileReference; fileEncoding = 4; lastKnownFileType = sourcecode.c.h; path = Masonry.h; sourceTree = "<group>"; };
		25231C6C1DAB81DF009DD12A /* MASUtilities.h */ = {isa = PBXFileReference; fileEncoding = 4; lastKnownFileType = sourcecode.c.h; path = MASUtilities.h; sourceTree = "<group>"; };
		25231C6D1DAB81DF009DD12A /* MASViewAttribute.h */ = {isa = PBXFileReference; fileEncoding = 4; lastKnownFileType = sourcecode.c.h; path = MASViewAttribute.h; sourceTree = "<group>"; };
		25231C6E1DAB81DF009DD12A /* MASViewConstraint.h */ = {isa = PBXFileReference; fileEncoding = 4; lastKnownFileType = sourcecode.c.h; path = MASViewConstraint.h; sourceTree = "<group>"; };
		25231C6F1DAB81DF009DD12A /* NSArray+MASAdditions.h */ = {isa = PBXFileReference; fileEncoding = 4; lastKnownFileType = sourcecode.c.h; path = "NSArray+MASAdditions.h"; sourceTree = "<group>"; };
		25231C701DAB81DF009DD12A /* NSArray+MASShorthandAdditions.h */ = {isa = PBXFileReference; fileEncoding = 4; lastKnownFileType = sourcecode.c.h; path = "NSArray+MASShorthandAdditions.h"; sourceTree = "<group>"; };
		25231C711DAB81DF009DD12A /* NSLayoutConstraint+MASDebugAdditions.h */ = {isa = PBXFileReference; fileEncoding = 4; lastKnownFileType = sourcecode.c.h; path = "NSLayoutConstraint+MASDebugAdditions.h"; sourceTree = "<group>"; };
		25231C721DAB81DF009DD12A /* View+MASAdditions.h */ = {isa = PBXFileReference; fileEncoding = 4; lastKnownFileType = sourcecode.c.h; path = "View+MASAdditions.h"; sourceTree = "<group>"; };
		25231C731DAB81DF009DD12A /* View+MASShorthandAdditions.h */ = {isa = PBXFileReference; fileEncoding = 4; lastKnownFileType = sourcecode.c.h; path = "View+MASShorthandAdditions.h"; sourceTree = "<group>"; };
		25231C741DAB81DF009DD12A /* ViewController+MASAdditions.h */ = {isa = PBXFileReference; fileEncoding = 4; lastKnownFileType = sourcecode.c.h; path = "ViewController+MASAdditions.h"; sourceTree = "<group>"; };
		25231C771DAB81DF009DD12A /* MASCompositeConstraint.h */ = {isa = PBXFileReference; fileEncoding = 4; lastKnownFileType = sourcecode.c.h; path = MASCompositeConstraint.h; sourceTree = "<group>"; };
		25231C781DAB81DF009DD12A /* MASConstraint+Private.h */ = {isa = PBXFileReference; fileEncoding = 4; lastKnownFileType = sourcecode.c.h; path = "MASConstraint+Private.h"; sourceTree = "<group>"; };
		25231C791DAB81DF009DD12A /* MASConstraint.h */ = {isa = PBXFileReference; fileEncoding = 4; lastKnownFileType = sourcecode.c.h; path = MASConstraint.h; sourceTree = "<group>"; };
		25231C7A1DAB81DF009DD12A /* MASConstraintMaker.h */ = {isa = PBXFileReference; fileEncoding = 4; lastKnownFileType = sourcecode.c.h; path = MASConstraintMaker.h; sourceTree = "<group>"; };
		25231C7B1DAB81DF009DD12A /* MASLayoutConstraint.h */ = {isa = PBXFileReference; fileEncoding = 4; lastKnownFileType = sourcecode.c.h; path = MASLayoutConstraint.h; sourceTree = "<group>"; };
		25231C7C1DAB81DF009DD12A /* Masonry.h */ = {isa = PBXFileReference; fileEncoding = 4; lastKnownFileType = sourcecode.c.h; path = Masonry.h; sourceTree = "<group>"; };
		25231C7D1DAB81DF009DD12A /* MASUtilities.h */ = {isa = PBXFileReference; fileEncoding = 4; lastKnownFileType = sourcecode.c.h; path = MASUtilities.h; sourceTree = "<group>"; };
		25231C7E1DAB81DF009DD12A /* MASViewAttribute.h */ = {isa = PBXFileReference; fileEncoding = 4; lastKnownFileType = sourcecode.c.h; path = MASViewAttribute.h; sourceTree = "<group>"; };
		25231C7F1DAB81DF009DD12A /* MASViewConstraint.h */ = {isa = PBXFileReference; fileEncoding = 4; lastKnownFileType = sourcecode.c.h; path = MASViewConstraint.h; sourceTree = "<group>"; };
		25231C801DAB81DF009DD12A /* NSArray+MASAdditions.h */ = {isa = PBXFileReference; fileEncoding = 4; lastKnownFileType = sourcecode.c.h; path = "NSArray+MASAdditions.h"; sourceTree = "<group>"; };
		25231C811DAB81DF009DD12A /* NSArray+MASShorthandAdditions.h */ = {isa = PBXFileReference; fileEncoding = 4; lastKnownFileType = sourcecode.c.h; path = "NSArray+MASShorthandAdditions.h"; sourceTree = "<group>"; };
		25231C821DAB81DF009DD12A /* NSLayoutConstraint+MASDebugAdditions.h */ = {isa = PBXFileReference; fileEncoding = 4; lastKnownFileType = sourcecode.c.h; path = "NSLayoutConstraint+MASDebugAdditions.h"; sourceTree = "<group>"; };
		25231C831DAB81DF009DD12A /* View+MASAdditions.h */ = {isa = PBXFileReference; fileEncoding = 4; lastKnownFileType = sourcecode.c.h; path = "View+MASAdditions.h"; sourceTree = "<group>"; };
		25231C841DAB81DF009DD12A /* View+MASShorthandAdditions.h */ = {isa = PBXFileReference; fileEncoding = 4; lastKnownFileType = sourcecode.c.h; path = "View+MASShorthandAdditions.h"; sourceTree = "<group>"; };
		25231C851DAB81DF009DD12A /* ViewController+MASAdditions.h */ = {isa = PBXFileReference; fileEncoding = 4; lastKnownFileType = sourcecode.c.h; path = "ViewController+MASAdditions.h"; sourceTree = "<group>"; };
		25231C871DAB81E0009DD12A /* Manifest.lock */ = {isa = PBXFileReference; fileEncoding = 4; lastKnownFileType = text; path = Manifest.lock; sourceTree = "<group>"; };
		25231C891DAB81E0009DD12A /* LICENSE */ = {isa = PBXFileReference; fileEncoding = 4; lastKnownFileType = text; path = LICENSE; sourceTree = "<group>"; };
		25231C8B1DAB81E0009DD12A /* MASCompositeConstraint.h */ = {isa = PBXFileReference; fileEncoding = 4; lastKnownFileType = sourcecode.c.h; path = MASCompositeConstraint.h; sourceTree = "<group>"; };
		25231C8C1DAB81E0009DD12A /* MASCompositeConstraint.m */ = {isa = PBXFileReference; fileEncoding = 4; lastKnownFileType = sourcecode.c.objc; path = MASCompositeConstraint.m; sourceTree = "<group>"; };
		25231C8D1DAB81E0009DD12A /* MASConstraint+Private.h */ = {isa = PBXFileReference; fileEncoding = 4; lastKnownFileType = sourcecode.c.h; path = "MASConstraint+Private.h"; sourceTree = "<group>"; };
		25231C8E1DAB81E0009DD12A /* MASConstraint.h */ = {isa = PBXFileReference; fileEncoding = 4; lastKnownFileType = sourcecode.c.h; path = MASConstraint.h; sourceTree = "<group>"; };
		25231C8F1DAB81E0009DD12A /* MASConstraint.m */ = {isa = PBXFileReference; fileEncoding = 4; lastKnownFileType = sourcecode.c.objc; path = MASConstraint.m; sourceTree = "<group>"; };
		25231C901DAB81E0009DD12A /* MASConstraintMaker.h */ = {isa = PBXFileReference; fileEncoding = 4; lastKnownFileType = sourcecode.c.h; path = MASConstraintMaker.h; sourceTree = "<group>"; };
		25231C911DAB81E0009DD12A /* MASConstraintMaker.m */ = {isa = PBXFileReference; fileEncoding = 4; lastKnownFileType = sourcecode.c.objc; path = MASConstraintMaker.m; sourceTree = "<group>"; };
		25231C921DAB81E0009DD12A /* MASLayoutConstraint.h */ = {isa = PBXFileReference; fileEncoding = 4; lastKnownFileType = sourcecode.c.h; path = MASLayoutConstraint.h; sourceTree = "<group>"; };
		25231C931DAB81E0009DD12A /* MASLayoutConstraint.m */ = {isa = PBXFileReference; fileEncoding = 4; lastKnownFileType = sourcecode.c.objc; path = MASLayoutConstraint.m; sourceTree = "<group>"; };
		25231C941DAB81E0009DD12A /* Masonry.h */ = {isa = PBXFileReference; fileEncoding = 4; lastKnownFileType = sourcecode.c.h; path = Masonry.h; sourceTree = "<group>"; };
		25231C951DAB81E0009DD12A /* MASUtilities.h */ = {isa = PBXFileReference; fileEncoding = 4; lastKnownFileType = sourcecode.c.h; path = MASUtilities.h; sourceTree = "<group>"; };
		25231C961DAB81E0009DD12A /* MASViewAttribute.h */ = {isa = PBXFileReference; fileEncoding = 4; lastKnownFileType = sourcecode.c.h; path = MASViewAttribute.h; sourceTree = "<group>"; };
		25231C971DAB81E0009DD12A /* MASViewAttribute.m */ = {isa = PBXFileReference; fileEncoding = 4; lastKnownFileType = sourcecode.c.objc; path = MASViewAttribute.m; sourceTree = "<group>"; };
		25231C981DAB81E0009DD12A /* MASViewConstraint.h */ = {isa = PBXFileReference; fileEncoding = 4; lastKnownFileType = sourcecode.c.h; path = MASViewConstraint.h; sourceTree = "<group>"; };
		25231C991DAB81E0009DD12A /* MASViewConstraint.m */ = {isa = PBXFileReference; fileEncoding = 4; lastKnownFileType = sourcecode.c.objc; path = MASViewConstraint.m; sourceTree = "<group>"; };
		25231C9A1DAB81E0009DD12A /* NSArray+MASAdditions.h */ = {isa = PBXFileReference; fileEncoding = 4; lastKnownFileType = sourcecode.c.h; path = "NSArray+MASAdditions.h"; sourceTree = "<group>"; };
		25231C9B1DAB81E0009DD12A /* NSArray+MASAdditions.m */ = {isa = PBXFileReference; fileEncoding = 4; lastKnownFileType = sourcecode.c.objc; path = "NSArray+MASAdditions.m"; sourceTree = "<group>"; };
		25231C9C1DAB81E0009DD12A /* NSArray+MASShorthandAdditions.h */ = {isa = PBXFileReference; fileEncoding = 4; lastKnownFileType = sourcecode.c.h; path = "NSArray+MASShorthandAdditions.h"; sourceTree = "<group>"; };
		25231C9D1DAB81E0009DD12A /* NSLayoutConstraint+MASDebugAdditions.h */ = {isa = PBXFileReference; fileEncoding = 4; lastKnownFileType = sourcecode.c.h; path = "NSLayoutConstraint+MASDebugAdditions.h"; sourceTree = "<group>"; };
		25231C9E1DAB81E0009DD12A /* NSLayoutConstraint+MASDebugAdditions.m */ = {isa = PBXFileReference; fileEncoding = 4; lastKnownFileType = sourcecode.c.objc; path = "NSLayoutConstraint+MASDebugAdditions.m"; sourceTree = "<group>"; };
		25231C9F1DAB81E0009DD12A /* View+MASAdditions.h */ = {isa = PBXFileReference; fileEncoding = 4; lastKnownFileType = sourcecode.c.h; path = "View+MASAdditions.h"; sourceTree = "<group>"; };
		25231CA01DAB81E0009DD12A /* View+MASAdditions.m */ = {isa = PBXFileReference; fileEncoding = 4; lastKnownFileType = sourcecode.c.objc; path = "View+MASAdditions.m"; sourceTree = "<group>"; };
		25231CA11DAB81E0009DD12A /* View+MASShorthandAdditions.h */ = {isa = PBXFileReference; fileEncoding = 4; lastKnownFileType = sourcecode.c.h; path = "View+MASShorthandAdditions.h"; sourceTree = "<group>"; };
		25231CA21DAB81E0009DD12A /* ViewController+MASAdditions.h */ = {isa = PBXFileReference; fileEncoding = 4; lastKnownFileType = sourcecode.c.h; path = "ViewController+MASAdditions.h"; sourceTree = "<group>"; };
		25231CA31DAB81E0009DD12A /* ViewController+MASAdditions.m */ = {isa = PBXFileReference; fileEncoding = 4; lastKnownFileType = sourcecode.c.objc; path = "ViewController+MASAdditions.m"; sourceTree = "<group>"; };
		25231CA41DAB81E0009DD12A /* README.md */ = {isa = PBXFileReference; fileEncoding = 4; lastKnownFileType = net.daringfireball.markdown; path = README.md; sourceTree = "<group>"; };
		25231CA51DAB81E0009DD12A /* Pods.xcodeproj */ = {isa = PBXFileReference; lastKnownFileType = "wrapper.pb-project"; path = Pods.xcodeproj; sourceTree = "<group>"; };
		25231CAA1DAB81E0009DD12A /* Masonry-dummy.m */ = {isa = PBXFileReference; fileEncoding = 4; lastKnownFileType = sourcecode.c.objc; path = "Masonry-dummy.m"; sourceTree = "<group>"; };
		25231CAB1DAB81E0009DD12A /* Masonry-prefix.pch */ = {isa = PBXFileReference; fileEncoding = 4; lastKnownFileType = sourcecode.c.h; path = "Masonry-prefix.pch"; sourceTree = "<group>"; };
		25231CAC1DAB81E0009DD12A /* Masonry.xcconfig */ = {isa = PBXFileReference; fileEncoding = 4; lastKnownFileType = text.xcconfig; path = Masonry.xcconfig; sourceTree = "<group>"; };
		25231CAE1DAB81E0009DD12A /* Pods-LianDong-acknowledgements.markdown */ = {isa = PBXFileReference; fileEncoding = 4; lastKnownFileType = net.daringfireball.markdown; path = "Pods-LianDong-acknowledgements.markdown"; sourceTree = "<group>"; };
		25231CAF1DAB81E0009DD12A /* Pods-LianDong-acknowledgements.plist */ = {isa = PBXFileReference; fileEncoding = 4; lastKnownFileType = text.plist.xml; path = "Pods-LianDong-acknowledgements.plist"; sourceTree = "<group>"; };
		25231CB01DAB81E0009DD12A /* Pods-LianDong-dummy.m */ = {isa = PBXFileReference; fileEncoding = 4; lastKnownFileType = sourcecode.c.objc; path = "Pods-LianDong-dummy.m"; sourceTree = "<group>"; };
		25231CB11DAB81E0009DD12A /* Pods-LianDong-frameworks.sh */ = {isa = PBXFileReference; fileEncoding = 4; lastKnownFileType = text.script.sh; path = "Pods-LianDong-frameworks.sh"; sourceTree = "<group>"; };
		25231CB21DAB81E0009DD12A /* Pods-LianDong-resources.sh */ = {isa = PBXFileReference; fileEncoding = 4; lastKnownFileType = text.script.sh; path = "Pods-LianDong-resources.sh"; sourceTree = "<group>"; };
		25231CB31DAB81E0009DD12A /* Pods-LianDong.debug.xcconfig */ = {isa = PBXFileReference; fileEncoding = 4; lastKnownFileType = text.xcconfig; path = "Pods-LianDong.debug.xcconfig"; sourceTree = "<group>"; };
		25231CB41DAB81E0009DD12A /* Pods-LianDong.release.xcconfig */ = {isa = PBXFileReference; fileEncoding = 4; lastKnownFileType = text.xcconfig; path = "Pods-LianDong.release.xcconfig"; sourceTree = "<group>"; };
		25688F2B1DAA20CB002AA448 /* mypro2.app */ = {isa = PBXFileReference; explicitFileType = wrapper.application; includeInIndex = 0; path = mypro2.app; sourceTree = BUILT_PRODUCTS_DIR; };
		25688F2F1DAA20CB002AA448 /* main.m */ = {isa = PBXFileReference; lastKnownFileType = sourcecode.c.objc; path = main.m; sourceTree = "<group>"; };
		25688F311DAA20CB002AA448 /* AppDelegate.h */ = {isa = PBXFileReference; lastKnownFileType = sourcecode.c.h; path = AppDelegate.h; sourceTree = "<group>"; };
		25688F321DAA20CB002AA448 /* AppDelegate.m */ = {isa = PBXFileReference; lastKnownFileType = sourcecode.c.objc; path = AppDelegate.m; sourceTree = "<group>"; };
		25688F341DAA20CB002AA448 /* ViewController.h */ = {isa = PBXFileReference; lastKnownFileType = sourcecode.c.h; path = ViewController.h; sourceTree = "<group>"; };
		25688F351DAA20CB002AA448 /* ViewController.m */ = {isa = PBXFileReference; lastKnownFileType = sourcecode.c.objc; path = ViewController.m; sourceTree = "<group>"; };
		25688F381DAA20CB002AA448 /* Base */ = {isa = PBXFileReference; lastKnownFileType = file.storyboard; name = Base; path = Base.lproj/Main.storyboard; sourceTree = "<group>"; };
		25688F3A1DAA20CB002AA448 /* Assets.xcassets */ = {isa = PBXFileReference; lastKnownFileType = folder.assetcatalog; path = Assets.xcassets; sourceTree = "<group>"; };
		25688F3D1DAA20CB002AA448 /* Base */ = {isa = PBXFileReference; lastKnownFileType = file.storyboard; name = Base; path = Base.lproj/LaunchScreen.storyboard; sourceTree = "<group>"; };
		25688F3F1DAA20CB002AA448 /* Info.plist */ = {isa = PBXFileReference; lastKnownFileType = text.plist.xml; path = Info.plist; sourceTree = "<group>"; };
		25688F441DAA20CB002AA448 /* mypro2Tests.xctest */ = {isa = PBXFileReference; explicitFileType = wrapper.cfbundle; includeInIndex = 0; path = mypro2Tests.xctest; sourceTree = BUILT_PRODUCTS_DIR; };
		25688F481DAA20CB002AA448 /* mypro2Tests.m */ = {isa = PBXFileReference; lastKnownFileType = sourcecode.c.objc; path = mypro2Tests.m; sourceTree = "<group>"; };
		25688F4A1DAA20CB002AA448 /* Info.plist */ = {isa = PBXFileReference; lastKnownFileType = text.plist.xml; path = Info.plist; sourceTree = "<group>"; };
		25688F4F1DAA20CB002AA448 /* mypro2UITests.xctest */ = {isa = PBXFileReference; explicitFileType = wrapper.cfbundle; includeInIndex = 0; path = mypro2UITests.xctest; sourceTree = BUILT_PRODUCTS_DIR; };
		25688F531DAA20CB002AA448 /* mypro2UITests.m */ = {isa = PBXFileReference; lastKnownFileType = sourcecode.c.objc; path = mypro2UITests.m; sourceTree = "<group>"; };
		25688F551DAA20CB002AA448 /* Info.plist */ = {isa = PBXFileReference; lastKnownFileType = text.plist.xml; path = Info.plist; sourceTree = "<group>"; };
		25688F611DAA21B2002AA448 /* LinkageTableViewController.h */ = {isa = PBXFileReference; fileEncoding = 4; lastKnownFileType = sourcecode.c.h; path = LinkageTableViewController.h; sourceTree = "<group>"; };
		25688F621DAA21B3002AA448 /* LinkageTableViewController.m */ = {isa = PBXFileReference; fileEncoding = 4; lastKnownFileType = sourcecode.c.objc; path = LinkageTableViewController.m; sourceTree = "<group>"; };
		25688F641DAA2218002AA448 /* PrefixHeader.pch */ = {isa = PBXFileReference; lastKnownFileType = sourcecode.c.h; path = PrefixHeader.pch; sourceTree = "<group>"; };
		25688F661DAA2539002AA448 /* PublicHeadClass.h */ = {isa = PBXFileReference; fileEncoding = 4; lastKnownFileType = sourcecode.c.h; path = PublicHeadClass.h; sourceTree = "<group>"; };
		25688F671DAA2644002AA448 /* LeftTableViewCell.h */ = {isa = PBXFileReference; fileEncoding = 4; lastKnownFileType = sourcecode.c.h; path = LeftTableViewCell.h; sourceTree = "<group>"; };
		25688F681DAA2644002AA448 /* LeftTableViewCell.m */ = {isa = PBXFileReference; fileEncoding = 4; lastKnownFileType = sourcecode.c.objc; path = LeftTableViewCell.m; sourceTree = "<group>"; };
		25688F6A1DAA265A002AA448 /* RightTableViewCell.h */ = {isa = PBXFileReference; fileEncoding = 4; lastKnownFileType = sourcecode.c.h; path = RightTableViewCell.h; sourceTree = "<group>"; };
		25688F6B1DAA265A002AA448 /* RightTableViewCell.m */ = {isa = PBXFileReference; fileEncoding = 4; lastKnownFileType = sourcecode.c.objc; path = RightTableViewCell.m; sourceTree = "<group>"; };
		25688F6D1DAA27F5002AA448 /* CategoryModel.h */ = {isa = PBXFileReference; fileEncoding = 4; lastKnownFileType = sourcecode.c.h; path = CategoryModel.h; sourceTree = "<group>"; };
		25688F6E1DAA27F5002AA448 /* CategoryModel.m */ = {isa = PBXFileReference; fileEncoding = 4; lastKnownFileType = sourcecode.c.objc; path = CategoryModel.m; sourceTree = "<group>"; };
		25688F711DAA2DD9002AA448 /* TableViewHeaderView.h */ = {isa = PBXFileReference; fileEncoding = 4; lastKnownFileType = sourcecode.c.h; path = TableViewHeaderView.h; sourceTree = "<group>"; };
		25688F721DAA2DD9002AA448 /* TableViewHeaderView.m */ = {isa = PBXFileReference; fileEncoding = 4; lastKnownFileType = sourcecode.c.objc; path = TableViewHeaderView.m; sourceTree = "<group>"; };
/* End PBXFileReference section */

/* Begin PBXFrameworksBuildPhase section */
		25688F281DAA20CB002AA448 /* Frameworks */ = {
			isa = PBXFrameworksBuildPhase;
			buildActionMask = 2147483647;
			files = (
			);
			runOnlyForDeploymentPostprocessing = 0;
		};
		25688F411DAA20CB002AA448 /* Frameworks */ = {
			isa = PBXFrameworksBuildPhase;
			buildActionMask = 2147483647;
			files = (
			);
			runOnlyForDeploymentPostprocessing = 0;
		};
		25688F4C1DAA20CB002AA448 /* Frameworks */ = {
			isa = PBXFrameworksBuildPhase;
			buildActionMask = 2147483647;
			files = (
			);
			runOnlyForDeploymentPostprocessing = 0;
		};
/* End PBXFrameworksBuildPhase section */

/* Begin PBXGroup section */
		25231C561DAB5C94009DD12A /* ScrollView */ = {
			isa = PBXGroup;
			children = (
				25231C571DAB5F7B009DD12A /* ChainReactionView.h */,
				25231C581DAB5F7B009DD12A /* ChainReactionView.m */,
				25231C5A1DAB6130009DD12A /* ChainReactionLabelButton.h */,
				25231C5B1DAB6130009DD12A /* ChainReactionLabelButton.m */,
			);
			name = ScrollView;
			sourceTree = "<group>";
		};
		25231C611DAB81C5009DD12A /* 第三方库 */ = {
			isa = PBXGroup;
			children = (
				25231C621DAB81DF009DD12A /* Pods */,
			);
			name = "第三方库";
			sourceTree = "<group>";
		};
		25231C621DAB81DF009DD12A /* Pods */ = {
			isa = PBXGroup;
			children = (
				25231C631DAB81DF009DD12A /* Headers */,
				25231C861DAB81DF009DD12A /* Local Podspecs */,
				25231C871DAB81E0009DD12A /* Manifest.lock */,
				25231C881DAB81E0009DD12A /* Masonry */,
				25231CA51DAB81E0009DD12A /* Pods.xcodeproj */,
				25231CA81DAB81E0009DD12A /* Target Support Files */,
			);
			path = Pods;
			sourceTree = "<group>";
		};
		25231C631DAB81DF009DD12A /* Headers */ = {
			isa = PBXGroup;
			children = (
				25231C641DAB81DF009DD12A /* Private */,
				25231C751DAB81DF009DD12A /* Public */,
			);
			path = Headers;
			sourceTree = "<group>";
		};
		25231C641DAB81DF009DD12A /* Private */ = {
			isa = PBXGroup;
			children = (
				25231C651DAB81DF009DD12A /* Masonry */,
			);
			path = Private;
			sourceTree = "<group>";
		};
		25231C651DAB81DF009DD12A /* Masonry */ = {
			isa = PBXGroup;
			children = (
				25231C661DAB81DF009DD12A /* MASCompositeConstraint.h */,
				25231C671DAB81DF009DD12A /* MASConstraint+Private.h */,
				25231C681DAB81DF009DD12A /* MASConstraint.h */,
				25231C691DAB81DF009DD12A /* MASConstraintMaker.h */,
				25231C6A1DAB81DF009DD12A /* MASLayoutConstraint.h */,
				25231C6B1DAB81DF009DD12A /* Masonry.h */,
				25231C6C1DAB81DF009DD12A /* MASUtilities.h */,
				25231C6D1DAB81DF009DD12A /* MASViewAttribute.h */,
				25231C6E1DAB81DF009DD12A /* MASViewConstraint.h */,
				25231C6F1DAB81DF009DD12A /* NSArray+MASAdditions.h */,
				25231C701DAB81DF009DD12A /* NSArray+MASShorthandAdditions.h */,
				25231C711DAB81DF009DD12A /* NSLayoutConstraint+MASDebugAdditions.h */,
				25231C721DAB81DF009DD12A /* View+MASAdditions.h */,
				25231C731DAB81DF009DD12A /* View+MASShorthandAdditions.h */,
				25231C741DAB81DF009DD12A /* ViewController+MASAdditions.h */,
			);
			path = Masonry;
			sourceTree = "<group>";
		};
		25231C751DAB81DF009DD12A /* Public */ = {
			isa = PBXGroup;
			children = (
				25231C761DAB81DF009DD12A /* Masonry */,
			);
			path = Public;
			sourceTree = "<group>";
		};
		25231C761DAB81DF009DD12A /* Masonry */ = {
			isa = PBXGroup;
			children = (
				25231C771DAB81DF009DD12A /* MASCompositeConstraint.h */,
				25231C781DAB81DF009DD12A /* MASConstraint+Private.h */,
				25231C791DAB81DF009DD12A /* MASConstraint.h */,
				25231C7A1DAB81DF009DD12A /* MASConstraintMaker.h */,
				25231C7B1DAB81DF009DD12A /* MASLayoutConstraint.h */,
				25231C7C1DAB81DF009DD12A /* Masonry.h */,
				25231C7D1DAB81DF009DD12A /* MASUtilities.h */,
				25231C7E1DAB81DF009DD12A /* MASViewAttribute.h */,
				25231C7F1DAB81DF009DD12A /* MASViewConstraint.h */,
				25231C801DAB81DF009DD12A /* NSArray+MASAdditions.h */,
				25231C811DAB81DF009DD12A /* NSArray+MASShorthandAdditions.h */,
				25231C821DAB81DF009DD12A /* NSLayoutConstraint+MASDebugAdditions.h */,
				25231C831DAB81DF009DD12A /* View+MASAdditions.h */,
				25231C841DAB81DF009DD12A /* View+MASShorthandAdditions.h */,
				25231C851DAB81DF009DD12A /* ViewController+MASAdditions.h */,
			);
			path = Masonry;
			sourceTree = "<group>";
		};
		25231C861DAB81DF009DD12A /* Local Podspecs */ = {
			isa = PBXGroup;
			children = (
			);
			path = "Local Podspecs";
			sourceTree = "<group>";
		};
		25231C881DAB81E0009DD12A /* Masonry */ = {
			isa = PBXGroup;
			children = (
				25231C891DAB81E0009DD12A /* LICENSE */,
				25231C8A1DAB81E0009DD12A /* Masonry */,
				25231CA41DAB81E0009DD12A /* README.md */,
			);
			path = Masonry;
			sourceTree = "<group>";
		};
		25231C8A1DAB81E0009DD12A /* Masonry */ = {
			isa = PBXGroup;
			children = (
				25231C8B1DAB81E0009DD12A /* MASCompositeConstraint.h */,
				25231C8C1DAB81E0009DD12A /* MASCompositeConstraint.m */,
				25231C8D1DAB81E0009DD12A /* MASConstraint+Private.h */,
				25231C8E1DAB81E0009DD12A /* MASConstraint.h */,
				25231C8F1DAB81E0009DD12A /* MASConstraint.m */,
				25231C901DAB81E0009DD12A /* MASConstraintMaker.h */,
				25231C911DAB81E0009DD12A /* MASConstraintMaker.m */,
				25231C921DAB81E0009DD12A /* MASLayoutConstraint.h */,
				25231C931DAB81E0009DD12A /* MASLayoutConstraint.m */,
				25231C941DAB81E0009DD12A /* Masonry.h */,
				25231C951DAB81E0009DD12A /* MASUtilities.h */,
				25231C961DAB81E0009DD12A /* MASViewAttribute.h */,
				25231C971DAB81E0009DD12A /* MASViewAttribute.m */,
				25231C981DAB81E0009DD12A /* MASViewConstraint.h */,
				25231C991DAB81E0009DD12A /* MASViewConstraint.m */,
				25231C9A1DAB81E0009DD12A /* NSArray+MASAdditions.h */,
				25231C9B1DAB81E0009DD12A /* NSArray+MASAdditions.m */,
				25231C9C1DAB81E0009DD12A /* NSArray+MASShorthandAdditions.h */,
				25231C9D1DAB81E0009DD12A /* NSLayoutConstraint+MASDebugAdditions.h */,
				25231C9E1DAB81E0009DD12A /* NSLayoutConstraint+MASDebugAdditions.m */,
				25231C9F1DAB81E0009DD12A /* View+MASAdditions.h */,
				25231CA01DAB81E0009DD12A /* View+MASAdditions.m */,
				25231CA11DAB81E0009DD12A /* View+MASShorthandAdditions.h */,
				25231CA21DAB81E0009DD12A /* ViewController+MASAdditions.h */,
				25231CA31DAB81E0009DD12A /* ViewController+MASAdditions.m */,
			);
			path = Masonry;
			sourceTree = "<group>";
		};
		25231CA61DAB81E0009DD12A /* Products */ = {
			isa = PBXGroup;
			children = (
				25231CCE1DAB81E0009DD12A /* libMasonry.a */,
				25231CD01DAB81E0009DD12A /* libPods-LianDong.a */,
			);
			name = Products;
			sourceTree = "<group>";
		};
		25231CA81DAB81E0009DD12A /* Target Support Files */ = {
			isa = PBXGroup;
			children = (
				25231CA91DAB81E0009DD12A /* Masonry */,
				25231CAD1DAB81E0009DD12A /* Pods-LianDong */,
			);
			path = "Target Support Files";
			sourceTree = "<group>";
		};
		25231CA91DAB81E0009DD12A /* Masonry */ = {
			isa = PBXGroup;
			children = (
				25231CAA1DAB81E0009DD12A /* Masonry-dummy.m */,
				25231CAB1DAB81E0009DD12A /* Masonry-prefix.pch */,
				25231CAC1DAB81E0009DD12A /* Masonry.xcconfig */,
			);
			path = Masonry;
			sourceTree = "<group>";
		};
		25231CAD1DAB81E0009DD12A /* Pods-LianDong */ = {
			isa = PBXGroup;
			children = (
				25231CAE1DAB81E0009DD12A /* Pods-LianDong-acknowledgements.markdown */,
				25231CAF1DAB81E0009DD12A /* Pods-LianDong-acknowledgements.plist */,
				25231CB01DAB81E0009DD12A /* Pods-LianDong-dummy.m */,
				25231CB11DAB81E0009DD12A /* Pods-LianDong-frameworks.sh */,
				25231CB21DAB81E0009DD12A /* Pods-LianDong-resources.sh */,
				25231CB31DAB81E0009DD12A /* Pods-LianDong.debug.xcconfig */,
				25231CB41DAB81E0009DD12A /* Pods-LianDong.release.xcconfig */,
			);
			path = "Pods-LianDong";
			sourceTree = "<group>";
		};
		25688F221DAA20CB002AA448 = {
			isa = PBXGroup;
			children = (
				25688F2D1DAA20CB002AA448 /* mypro2 */,
				25688F471DAA20CB002AA448 /* mypro2Tests */,
				25688F521DAA20CB002AA448 /* mypro2UITests */,
				25688F2C1DAA20CB002AA448 /* Products */,
			);
			sourceTree = "<group>";
		};
		25688F2C1DAA20CB002AA448 /* Products */ = {
			isa = PBXGroup;
			children = (
				25688F2B1DAA20CB002AA448 /* mypro2.app */,
				25688F441DAA20CB002AA448 /* mypro2Tests.xctest */,
				25688F4F1DAA20CB002AA448 /* mypro2UITests.xctest */,
			);
			name = Products;
			sourceTree = "<group>";
		};
		25688F2D1DAA20CB002AA448 /* mypro2 */ = {
			isa = PBXGroup;
			children = (
				25688F311DAA20CB002AA448 /* AppDelegate.h */,
				25688F321DAA20CB002AA448 /* AppDelegate.m */,
				25688F341DAA20CB002AA448 /* ViewController.h */,
				25688F351DAA20CB002AA448 /* ViewController.m */,
				25688F371DAA20CB002AA448 /* Main.storyboard */,
				25688F3A1DAA20CB002AA448 /* Assets.xcassets */,
				25688F641DAA2218002AA448 /* PrefixHeader.pch */,
				25688F661DAA2539002AA448 /* PublicHeadClass.h */,
				25231C611DAB81C5009DD12A /* 第三方库 */,
				25231C561DAB5C94009DD12A /* ScrollView */,
				25688F701DAA2D9D002AA448 /* Linkage */,
				25688F3C1DAA20CB002AA448 /* LaunchScreen.storyboard */,
				25688F3F1DAA20CB002AA448 /* Info.plist */,
				25688F2E1DAA20CB002AA448 /* Supporting Files */,
			);
			path = mypro2;
			sourceTree = "<group>";
		};
		25688F2E1DAA20CB002AA448 /* Supporting Files */ = {
			isa = PBXGroup;
			children = (
				25688F2F1DAA20CB002AA448 /* main.m */,
			);
			name = "Supporting Files";
			sourceTree = "<group>";
		};
		25688F471DAA20CB002AA448 /* mypro2Tests */ = {
			isa = PBXGroup;
			children = (
				25688F481DAA20CB002AA448 /* mypro2Tests.m */,
				25688F4A1DAA20CB002AA448 /* Info.plist */,
			);
			path = mypro2Tests;
			sourceTree = "<group>";
		};
		25688F521DAA20CB002AA448 /* mypro2UITests */ = {
			isa = PBXGroup;
			children = (
				25688F531DAA20CB002AA448 /* mypro2UITests.m */,
				25688F551DAA20CB002AA448 /* Info.plist */,
			);
			path = mypro2UITests;
			sourceTree = "<group>";
		};
		25688F701DAA2D9D002AA448 /* Linkage */ = {
			isa = PBXGroup;
			children = (
				25688F611DAA21B2002AA448 /* LinkageTableViewController.h */,
				25688F621DAA21B3002AA448 /* LinkageTableViewController.m */,
				25688F671DAA2644002AA448 /* LeftTableViewCell.h */,
				25688F681DAA2644002AA448 /* LeftTableViewCell.m */,
				25688F6A1DAA265A002AA448 /* RightTableViewCell.h */,
				25688F6B1DAA265A002AA448 /* RightTableViewCell.m */,
				25688F711DAA2DD9002AA448 /* TableViewHeaderView.h */,
				25688F721DAA2DD9002AA448 /* TableViewHeaderView.m */,
				25688F6D1DAA27F5002AA448 /* CategoryModel.h */,
				25688F6E1DAA27F5002AA448 /* CategoryModel.m */,
			);
			name = Linkage;
			sourceTree = "<group>";
		};
/* End PBXGroup section */

/* Begin PBXNativeTarget section */
		25688F2A1DAA20CB002AA448 /* mypro2 */ = {
			isa = PBXNativeTarget;
			buildConfigurationList = 25688F581DAA20CB002AA448 /* Build configuration list for PBXNativeTarget "mypro2" */;
			buildPhases = (
				25688F271DAA20CB002AA448 /* Sources */,
				25688F281DAA20CB002AA448 /* Frameworks */,
				25688F291DAA20CB002AA448 /* Resources */,
			);
			buildRules = (
			);
			dependencies = (
			);
			name = mypro2;
			productName = mypro2;
			productReference = 25688F2B1DAA20CB002AA448 /* mypro2.app */;
			productType = "com.apple.product-type.application";
		};
		25688F431DAA20CB002AA448 /* mypro2Tests */ = {
			isa = PBXNativeTarget;
			buildConfigurationList = 25688F5B1DAA20CB002AA448 /* Build configuration list for PBXNativeTarget "mypro2Tests" */;
			buildPhases = (
				25688F401DAA20CB002AA448 /* Sources */,
				25688F411DAA20CB002AA448 /* Frameworks */,
				25688F421DAA20CB002AA448 /* Resources */,
			);
			buildRules = (
			);
			dependencies = (
				25688F461DAA20CB002AA448 /* PBXTargetDependency */,
			);
			name = mypro2Tests;
			productName = mypro2Tests;
			productReference = 25688F441DAA20CB002AA448 /* mypro2Tests.xctest */;
			productType = "com.apple.product-type.bundle.unit-test";
		};
		25688F4E1DAA20CB002AA448 /* mypro2UITests */ = {
			isa = PBXNativeTarget;
			buildConfigurationList = 25688F5E1DAA20CB002AA448 /* Build configuration list for PBXNativeTarget "mypro2UITests" */;
			buildPhases = (
				25688F4B1DAA20CB002AA448 /* Sources */,
				25688F4C1DAA20CB002AA448 /* Frameworks */,
				25688F4D1DAA20CB002AA448 /* Resources */,
			);
			buildRules = (
			);
			dependencies = (
				25688F511DAA20CB002AA448 /* PBXTargetDependency */,
			);
			name = mypro2UITests;
			productName = mypro2UITests;
			productReference = 25688F4F1DAA20CB002AA448 /* mypro2UITests.xctest */;
			productType = "com.apple.product-type.bundle.ui-testing";
		};
/* End PBXNativeTarget section */

/* Begin PBXProject section */
		25688F231DAA20CB002AA448 /* Project object */ = {
			isa = PBXProject;
			attributes = {
				LastUpgradeCheck = 0720;
				ORGANIZATIONNAME = etc;
				TargetAttributes = {
					25688F2A1DAA20CB002AA448 = {
						CreatedOnToolsVersion = 7.2;
					};
					25688F431DAA20CB002AA448 = {
						CreatedOnToolsVersion = 7.2;
						TestTargetID = 25688F2A1DAA20CB002AA448;
					};
					25688F4E1DAA20CB002AA448 = {
						CreatedOnToolsVersion = 7.2;
						TestTargetID = 25688F2A1DAA20CB002AA448;
					};
				};
			};
			buildConfigurationList = 25688F261DAA20CB002AA448 /* Build configuration list for PBXProject "mypro2" */;
			compatibilityVersion = "Xcode 3.2";
			developmentRegion = English;
			hasScannedForEncodings = 0;
			knownRegions = (
				en,
				Base,
			);
			mainGroup = 25688F221DAA20CB002AA448;
			productRefGroup = 25688F2C1DAA20CB002AA448 /* Products */;
			projectDirPath = "";
			projectReferences = (
				{
					ProductGroup = 25231CA61DAB81E0009DD12A /* Products */;
					ProjectRef = 25231CA51DAB81E0009DD12A /* Pods.xcodeproj */;
				},
			);
			projectRoot = "";
			targets = (
				25688F2A1DAA20CB002AA448 /* mypro2 */,
				25688F431DAA20CB002AA448 /* mypro2Tests */,
				25688F4E1DAA20CB002AA448 /* mypro2UITests */,
			);
		};
/* End PBXProject section */

/* Begin PBXReferenceProxy section */
		25231CCE1DAB81E0009DD12A /* libMasonry.a */ = {
			isa = PBXReferenceProxy;
			fileType = archive.ar;
			path = libMasonry.a;
			remoteRef = 25231CCD1DAB81E0009DD12A /* PBXContainerItemProxy */;
			sourceTree = BUILT_PRODUCTS_DIR;
		};
		25231CD01DAB81E0009DD12A /* libPods-LianDong.a */ = {
			isa = PBXReferenceProxy;
			fileType = archive.ar;
			path = "libPods-LianDong.a";
			remoteRef = 25231CCF1DAB81E0009DD12A /* PBXContainerItemProxy */;
			sourceTree = BUILT_PRODUCTS_DIR;
		};
/* End PBXReferenceProxy section */

/* Begin PBXResourcesBuildPhase section */
		25688F291DAA20CB002AA448 /* Resources */ = {
			isa = PBXResourcesBuildPhase;
			buildActionMask = 2147483647;
			files = (
				25688F3E1DAA20CB002AA448 /* LaunchScreen.storyboard in Resources */,
				25231CC71DAB81E0009DD12A /* Pods-LianDong-frameworks.sh in Resources */,
				25688F3B1DAA20CB002AA448 /* Assets.xcassets in Resources */,
				25231CC31DAB81E0009DD12A /* Masonry.xcconfig in Resources */,
				25231CC81DAB81E0009DD12A /* Pods-LianDong-resources.sh in Resources */,
				25688F391DAA20CB002AA448 /* Main.storyboard in Resources */,
				25231CB51DAB81E0009DD12A /* Manifest.lock in Resources */,
				25231CC91DAB81E0009DD12A /* Pods-LianDong.debug.xcconfig in Resources */,
				25231CB61DAB81E0009DD12A /* LICENSE in Resources */,
				25231CCA1DAB81E0009DD12A /* Pods-LianDong.release.xcconfig in Resources */,
				25231CC51DAB81E0009DD12A /* Pods-LianDong-acknowledgements.plist in Resources */,
			);
			runOnlyForDeploymentPostprocessing = 0;
		};
		25688F421DAA20CB002AA448 /* Resources */ = {
			isa = PBXResourcesBuildPhase;
			buildActionMask = 2147483647;
			files = (
			);
			runOnlyForDeploymentPostprocessing = 0;
		};
		25688F4D1DAA20CB002AA448 /* Resources */ = {
			isa = PBXResourcesBuildPhase;
			buildActionMask = 2147483647;
			files = (
			);
			runOnlyForDeploymentPostprocessing = 0;
		};
/* End PBXResourcesBuildPhase section */

/* Begin PBXSourcesBuildPhase section */
		25688F271DAA20CB002AA448 /* Sources */ = {
			isa = PBXSourcesBuildPhase;
			buildActionMask = 2147483647;
			files = (
				25231CBF1DAB81E0009DD12A /* View+MASAdditions.m in Sources */,
				25688F6C1DAA265A002AA448 /* RightTableViewCell.m in Sources */,
				25688F6F1DAA27F5002AA448 /* CategoryModel.m in Sources */,
				25231CC11DAB81E0009DD12A /* README.md in Sources */,
				25231CC41DAB81E0009DD12A /* Pods-LianDong-acknowledgements.markdown in Sources */,
				25688F361DAA20CB002AA448 /* ViewController.m in Sources */,
				25688F631DAA21B3002AA448 /* LinkageTableViewController.m in Sources */,
				25688F691DAA2644002AA448 /* LeftTableViewCell.m in Sources */,
				25231CC61DAB81E0009DD12A /* Pods-LianDong-dummy.m in Sources */,
				25231CC01DAB81E0009DD12A /* ViewController+MASAdditions.m in Sources */,
				25231CBB1DAB81E0009DD12A /* MASViewAttribute.m in Sources */,
				25231CB71DAB81E0009DD12A /* MASCompositeConstraint.m in Sources */,
				25231C591DAB5F7B009DD12A /* ChainReactionView.m in Sources */,
				25688F331DAA20CB002AA448 /* AppDelegate.m in Sources */,
				25231CB91DAB81E0009DD12A /* MASConstraintMaker.m in Sources */,
				25231CB81DAB81E0009DD12A /* MASConstraint.m in Sources */,
				25231CBE1DAB81E0009DD12A /* NSLayoutConstraint+MASDebugAdditions.m in Sources */,
				25231CBA1DAB81E0009DD12A /* MASLayoutConstraint.m in Sources */,
				25231CBD1DAB81E0009DD12A /* NSArray+MASAdditions.m in Sources */,
				25231C5C1DAB6130009DD12A /* ChainReactionLabelButton.m in Sources */,
				25231CC21DAB81E0009DD12A /* Masonry-dummy.m in Sources */,
				25688F301DAA20CB002AA448 /* main.m in Sources */,
				25688F731DAA2DD9002AA448 /* TableViewHeaderView.m in Sources */,
				25231CBC1DAB81E0009DD12A /* MASViewConstraint.m in Sources */,
			);
			runOnlyForDeploymentPostprocessing = 0;
		};
		25688F401DAA20CB002AA448 /* Sources */ = {
			isa = PBXSourcesBuildPhase;
			buildActionMask = 2147483647;
			files = (
				25688F491DAA20CB002AA448 /* mypro2Tests.m in Sources */,
			);
			runOnlyForDeploymentPostprocessing = 0;
		};
		25688F4B1DAA20CB002AA448 /* Sources */ = {
			isa = PBXSourcesBuildPhase;
			buildActionMask = 2147483647;
			files = (
				25688F541DAA20CB002AA448 /* mypro2UITests.m in Sources */,
			);
			runOnlyForDeploymentPostprocessing = 0;
		};
/* End PBXSourcesBuildPhase section */

/* Begin PBXTargetDependency section */
		25688F461DAA20CB002AA448 /* PBXTargetDependency */ = {
			isa = PBXTargetDependency;
			target = 25688F2A1DAA20CB002AA448 /* mypro2 */;
			targetProxy = 25688F451DAA20CB002AA448 /* PBXContainerItemProxy */;
		};
		25688F511DAA20CB002AA448 /* PBXTargetDependency */ = {
			isa = PBXTargetDependency;
			target = 25688F2A1DAA20CB002AA448 /* mypro2 */;
			targetProxy = 25688F501DAA20CB002AA448 /* PBXContainerItemProxy */;
		};
/* End PBXTargetDependency section */

/* Begin PBXVariantGroup section */
		25688F371DAA20CB002AA448 /* Main.storyboard */ = {
			isa = PBXVariantGroup;
			children = (
				25688F381DAA20CB002AA448 /* Base */,
			);
			name = Main.storyboard;
			sourceTree = "<group>";
		};
		25688F3C1DAA20CB002AA448 /* LaunchScreen.storyboard */ = {
			isa = PBXVariantGroup;
			children = (
				25688F3D1DAA20CB002AA448 /* Base */,
			);
			name = LaunchScreen.storyboard;
			sourceTree = "<group>";
		};
/* End PBXVariantGroup section */

/* Begin XCBuildConfiguration section */
		25688F561DAA20CB002AA448 /* Debug */ = {
			isa = XCBuildConfiguration;
			buildSettings = {
				ALWAYS_SEARCH_USER_PATHS = NO;
				CLANG_CXX_LANGUAGE_STANDARD = "gnu++0x";
				CLANG_CXX_LIBRARY = "libc++";
				CLANG_ENABLE_MODULES = YES;
				CLANG_ENABLE_OBJC_ARC = YES;
				CLANG_WARN_BOOL_CONVERSION = YES;
				CLANG_WARN_CONSTANT_CONVERSION = YES;
				CLANG_WARN_DIRECT_OBJC_ISA_USAGE = YES_ERROR;
				CLANG_WARN_EMPTY_BODY = YES;
				CLANG_WARN_ENUM_CONVERSION = YES;
				CLANG_WARN_INT_CONVERSION = YES;
				CLANG_WARN_OBJC_ROOT_CLASS = YES_ERROR;
				CLANG_WARN_UNREACHABLE_CODE = YES;
				CLANG_WARN__DUPLICATE_METHOD_MATCH = YES;
				"CODE_SIGN_IDENTITY[sdk=iphoneos*]" = "iPhone Developer";
				COPY_PHASE_STRIP = NO;
				DEBUG_INFORMATION_FORMAT = dwarf;
				ENABLE_STRICT_OBJC_MSGSEND = YES;
				ENABLE_TESTABILITY = YES;
				GCC_C_LANGUAGE_STANDARD = gnu99;
				GCC_DYNAMIC_NO_PIC = NO;
				GCC_NO_COMMON_BLOCKS = YES;
				GCC_OPTIMIZATION_LEVEL = 0;
				GCC_PREPROCESSOR_DEFINITIONS = (
					"DEBUG=1",
					"$(inherited)",
				);
				GCC_WARN_64_TO_32_BIT_CONVERSION = YES;
				GCC_WARN_ABOUT_RETURN_TYPE = YES_ERROR;
				GCC_WARN_UNDECLARED_SELECTOR = YES;
				GCC_WARN_UNINITIALIZED_AUTOS = YES_AGGRESSIVE;
				GCC_WARN_UNUSED_FUNCTION = YES;
				GCC_WARN_UNUSED_VARIABLE = YES;
				IPHONEOS_DEPLOYMENT_TARGET = 9.2;
				MTL_ENABLE_DEBUG_INFO = YES;
				ONLY_ACTIVE_ARCH = YES;
				SDKROOT = iphoneos;
			};
			name = Debug;
		};
		25688F571DAA20CB002AA448 /* Release */ = {
			isa = XCBuildConfiguration;
			buildSettings = {
				ALWAYS_SEARCH_USER_PATHS = NO;
				CLANG_CXX_LANGUAGE_STANDARD = "gnu++0x";
				CLANG_CXX_LIBRARY = "libc++";
				CLANG_ENABLE_MODULES = YES;
				CLANG_ENABLE_OBJC_ARC = YES;
				CLANG_WARN_BOOL_CONVERSION = YES;
				CLANG_WARN_CONSTANT_CONVERSION = YES;
				CLANG_WARN_DIRECT_OBJC_ISA_USAGE = YES_ERROR;
				CLANG_WARN_EMPTY_BODY = YES;
				CLANG_WARN_ENUM_CONVERSION = YES;
				CLANG_WARN_INT_CONVERSION = YES;
				CLANG_WARN_OBJC_ROOT_CLASS = YES_ERROR;
				CLANG_WARN_UNREACHABLE_CODE = YES;
				CLANG_WARN__DUPLICATE_METHOD_MATCH = YES;
				"CODE_SIGN_IDENTITY[sdk=iphoneos*]" = "iPhone Developer";
				COPY_PHASE_STRIP = NO;
				DEBUG_INFORMATION_FORMAT = "dwarf-with-dsym";
				ENABLE_NS_ASSERTIONS = NO;
				ENABLE_STRICT_OBJC_MSGSEND = YES;
				GCC_C_LANGUAGE_STANDARD = gnu99;
				GCC_NO_COMMON_BLOCKS = YES;
				GCC_WARN_64_TO_32_BIT_CONVERSION = YES;
				GCC_WARN_ABOUT_RETURN_TYPE = YES_ERROR;
				GCC_WARN_UNDECLARED_SELECTOR = YES;
				GCC_WARN_UNINITIALIZED_AUTOS = YES_AGGRESSIVE;
				GCC_WARN_UNUSED_FUNCTION = YES;
				GCC_WARN_UNUSED_VARIABLE = YES;
				IPHONEOS_DEPLOYMENT_TARGET = 9.2;
				MTL_ENABLE_DEBUG_INFO = NO;
				SDKROOT = iphoneos;
				VALIDATE_PRODUCT = YES;
			};
			name = Release;
		};
		25688F591DAA20CB002AA448 /* Debug */ = {
			isa = XCBuildConfiguration;
			buildSettings = {
				ASSETCATALOG_COMPILER_APPICON_NAME = AppIcon;
				GCC_PREFIX_HEADER = "$(SRCROOT)/mypro2/PrefixHeader.pch";
				INFOPLIST_FILE = mypro2/Info.plist;
				LD_RUNPATH_SEARCH_PATHS = "$(inherited) @executable_path/Frameworks";
				PRODUCT_BUNDLE_IDENTIFIER = com.etc.mypro2;
				PRODUCT_NAME = "$(TARGET_NAME)";
			};
			name = Debug;
		};
		25688F5A1DAA20CB002AA448 /* Release */ = {
			isa = XCBuildConfiguration;
			buildSettings = {
				ASSETCATALOG_COMPILER_APPICON_NAME = AppIcon;
				GCC_PREFIX_HEADER = "$(SRCROOT)/mypro2/PrefixHeader.pch";
				INFOPLIST_FILE = mypro2/Info.plist;
				LD_RUNPATH_SEARCH_PATHS = "$(inherited) @executable_path/Frameworks";
				PRODUCT_BUNDLE_IDENTIFIER = com.etc.mypro2;
				PRODUCT_NAME = "$(TARGET_NAME)";
			};
			name = Release;
		};
		25688F5C1DAA20CB002AA448 /* Debug */ = {
			isa = XCBuildConfiguration;
			buildSettings = {
				BUNDLE_LOADER = "$(TEST_HOST)";
				INFOPLIST_FILE = mypro2Tests/Info.plist;
				LD_RUNPATH_SEARCH_PATHS = "$(inherited) @executable_path/Frameworks @loader_path/Frameworks";
				PRODUCT_BUNDLE_IDENTIFIER = com.etc.mypro2Tests;
				PRODUCT_NAME = "$(TARGET_NAME)";
				TEST_HOST = "$(BUILT_PRODUCTS_DIR)/mypro2.app/mypro2";
			};
			name = Debug;
		};
		25688F5D1DAA20CB002AA448 /* Release */ = {
			isa = XCBuildConfiguration;
			buildSettings = {
				BUNDLE_LOADER = "$(TEST_HOST)";
				INFOPLIST_FILE = mypro2Tests/Info.plist;
				LD_RUNPATH_SEARCH_PATHS = "$(inherited) @executable_path/Frameworks @loader_path/Frameworks";
				PRODUCT_BUNDLE_IDENTIFIER = com.etc.mypro2Tests;
				PRODUCT_NAME = "$(TARGET_NAME)";
				TEST_HOST = "$(BUILT_PRODUCTS_DIR)/mypro2.app/mypro2";
			};
			name = Release;
		};
		25688F5F1DAA20CB002AA448 /* Debug */ = {
			isa = XCBuildConfiguration;
			buildSettings = {
				INFOPLIST_FILE = mypro2UITests/Info.plist;
				LD_RUNPATH_SEARCH_PATHS = "$(inherited) @executable_path/Frameworks @loader_path/Frameworks";
				PRODUCT_BUNDLE_IDENTIFIER = com.etc.mypro2UITests;
				PRODUCT_NAME = "$(TARGET_NAME)";
				TEST_TARGET_NAME = mypro2;
				USES_XCTRUNNER = YES;
			};
			name = Debug;
		};
		25688F601DAA20CB002AA448 /* Release */ = {
			isa = XCBuildConfiguration;
			buildSettings = {
				INFOPLIST_FILE = mypro2UITests/Info.plist;
				LD_RUNPATH_SEARCH_PATHS = "$(inherited) @executable_path/Frameworks @loader_path/Frameworks";
				PRODUCT_BUNDLE_IDENTIFIER = com.etc.mypro2UITests;
				PRODUCT_NAME = "$(TARGET_NAME)";
				TEST_TARGET_NAME = mypro2;
				USES_XCTRUNNER = YES;
			};
			name = Release;
		};
/* End XCBuildConfiguration section */

/* Begin XCConfigurationList section */
		25688F261DAA20CB002AA448 /* Build configuration list for PBXProject "mypro2" */ = {
			isa = XCConfigurationList;
			buildConfigurations = (
				25688F561DAA20CB002AA448 /* Debug */,
				25688F571DAA20CB002AA448 /* Release */,
			);
			defaultConfigurationIsVisible = 0;
			defaultConfigurationName = Release;
		};
		25688F581DAA20CB002AA448 /* Build configuration list for PBXNativeTarget "mypro2" */ = {
			isa = XCConfigurationList;
			buildConfigurations = (
				25688F591DAA20CB002AA448 /* Debug */,
				25688F5A1DAA20CB002AA448 /* Release */,
			);
			defaultConfigurationIsVisible = 0;
			defaultConfigurationName = Release;
		};
		25688F5B1DAA20CB002AA448 /* Build configuration list for PBXNativeTarget "mypro2Tests" */ = {
			isa = XCConfigurationList;
			buildConfigurations = (
				25688F5C1DAA20CB002AA448 /* Debug */,
				25688F5D1DAA20CB002AA448 /* Release */,
			);
			defaultConfigurationIsVisible = 0;
			defaultConfigurationName = Release;
		};
		25688F5E1DAA20CB002AA448 /* Build configuration list for PBXNativeTarget "mypro2UITests" */ = {
			isa = XCConfigurationList;
			buildConfigurations = (
				25688F5F1DAA20CB002AA448 /* Debug */,
				25688F601DAA20CB002AA448 /* Release */,
			);
			defaultConfigurationIsVisible = 0;
			defaultConfigurationName = Release;
		};
/* End XCConfigurationList section */
	};
	rootObject = 25688F231DAA20CB002AA448 /* Project object */;
}
